// !$*UTF8*$!
{
	archiveVersion = 1;
	classes = {
	};
	objectVersion = 51;
	objects = {

/* Begin PBXBuildFile section */
		04311821CB91F1AFFD870F0915D100F9 /* ShowcaseTableViewCell.swift in Sources */ = {isa = PBXBuildFile; fileRef = C91CDD479B198D2BE9466678CADDC10E /* ShowcaseTableViewCell.swift */; };
		08423F791CC30937CD766C7A3307CB06 /* LabelCollectionView.swift in Sources */ = {isa = PBXBuildFile; fileRef = F1D3D5436389D940A39AE0FA65CE6FF1 /* LabelCollectionView.swift */; };
		0A9C9B0515E2B9AE4D3130E523CE5CBA /* AppDelegate.swift in Sources */ = {isa = PBXBuildFile; fileRef = 12FE30BADBDA1DD25855181579F1111D /* AppDelegate.swift */; };
		0DD9786A83FC0A51384E58AF2B7533EB /* UIColorExtension.swift in Sources */ = {isa = PBXBuildFile; fileRef = B2E3C74C5CFDF158292B0F1CB621A4D3 /* UIColorExtension.swift */; };
		113CB964AAC752F83C3FF0963C2204E6 /* MainViewController.swift in Sources */ = {isa = PBXBuildFile; fileRef = A405BE256E7879915EC83621359BF178 /* MainViewController.swift */; };
		1C67C5F8840771385D6115CA9BE98515 /* MainViewController.swift in Sources */ = {isa = PBXBuildFile; fileRef = F544449D3BE3506BA69F3E9DE6F17303 /* MainViewController.swift */; };
		1DFC51A5EBE25561CA40B04F7656D7DB /* RootViewController.swift in Sources */ = {isa = PBXBuildFile; fileRef = 0FBBA5A4141F235632AC7E8B31AE77EC /* RootViewController.swift */; };
		1E3F4F8CBCE1EE1BFA850D274E3A3A2D /* AppDelegate.swift in Sources */ = {isa = PBXBuildFile; fileRef = 12FE30BADBDA1DD25855181579F1111D /* AppDelegate.swift */; };
		202618CC3FCE4DB264417B8C3FF8A160 /* ColorInfo.swift in Sources */ = {isa = PBXBuildFile; fileRef = EA0EE0D9641D14929309E2B122CEE7D6 /* ColorInfo.swift */; };
		2A3A6988EA6552494356BAB44012C95A /* RootViewController.swift in Sources */ = {isa = PBXBuildFile; fileRef = 1804FA14D3D505483DF96C2214DDB165 /* RootViewController.swift */; };
		2B2656A027E68CB2B66C93243DC417B0 /* AppDelegate.swift in Sources */ = {isa = PBXBuildFile; fileRef = 12FE30BADBDA1DD25855181579F1111D /* AppDelegate.swift */; };
		2F0E437F41FD9D7D67FE1DC87430BCAC /* Assets.xcassets in Resources */ = {isa = PBXBuildFile; fileRef = F0A35AF2A5E0D8EEA972A88AA9D115E3 /* Assets.xcassets */; };
		3229A57CB0676DAC19DF87936BF34D98 /* LabeledSwitch.swift in Sources */ = {isa = PBXBuildFile; fileRef = 0BB937EA3AF80B828B5BB73EFDDF403A /* LabeledSwitch.swift */; };
		3A85E56452B1C8541457F3E4C16558F9 /* MainViewController.swift in Sources */ = {isa = PBXBuildFile; fileRef = CEC071E445CF574809D2C4B86A983626 /* MainViewController.swift */; };
		40E32B9D7C8367E495109A0729C48773 /* FlowingTextView.swift in Sources */ = {isa = PBXBuildFile; fileRef = D5FF7407F49247C565F015C0D6080E37 /* FlowingTextView.swift */; };
		4661D8D43987E383D2DD85C0A8073B26 /* MainViewController.swift in Sources */ = {isa = PBXBuildFile; fileRef = 1D32F33B79B19CD5474784D8FB6D0D2B /* MainViewController.swift */; };
		4AD1ADA8D3847E9B3EC19CF9265A090B /* UIImageExtension.swift in Sources */ = {isa = PBXBuildFile; fileRef = BA6B62F696822B4243191890B8DED1E3 /* UIImageExtension.swift */; };
		4E9263A84498D5BF075B635846B6BF6E /* LaunchScreen.storyboard in Resources */ = {isa = PBXBuildFile; fileRef = F254C26CDC8DC39F0787FE7CAA6F0732 /* LaunchScreen.storyboard */; };
		4F3C52C8C20ACB46824363ED87E61072 /* URLImageTextAttachment.swift in Sources */ = {isa = PBXBuildFile; fileRef = F0E000434774798AA62C7DA1A9A03FE6 /* URLImageTextAttachment.swift */; };
		56340C3550A7635549CF65B261CED64A /* RootViewController.swift in Sources */ = {isa = PBXBuildFile; fileRef = DBDB2C13D27365B9AA5734EA12582B29 /* RootViewController.swift */; };
		569BC48AB8771B66EC165131C0635733 /* AppDelegate.swift in Sources */ = {isa = PBXBuildFile; fileRef = 12FE30BADBDA1DD25855181579F1111D /* AppDelegate.swift */; };
		576127CA38CC57BA1357CCEDE6187DE4 /* FlowingTextDemoViewController.swift in Sources */ = {isa = PBXBuildFile; fileRef = 26AB9B1593CDE57343682C60897FF83C /* FlowingTextDemoViewController.swift */; };
		580D38FD5123C5BBE77D410CC7AB0B63 /* Pods_NestedStack.framework in Frameworks */ = {isa = PBXBuildFile; fileRef = C95888C8DA4AA86612D6DF9821C74834 /* Pods_NestedStack.framework */; };
		5E4009E1F591FB67CCD4D77C7D8B98F5 /* HelloViewController.swift in Sources */ = {isa = PBXBuildFile; fileRef = 2BD4E7C1F2243BB45398C5063BA4DD5B /* HelloViewController.swift */; };
		5EBE071258B0E074410A9EBA767FFA5B /* Pods_NumberInputField.framework in Frameworks */ = {isa = PBXBuildFile; fileRef = 10EF9748F4A7B55F63DDFB70F13CEF5A /* Pods_NumberInputField.framework */; };
		5FFA4E1EBE462666C7DE1DDFEF1CA16E /* Assets.xcassets in Resources */ = {isa = PBXBuildFile; fileRef = F0A35AF2A5E0D8EEA972A88AA9D115E3 /* Assets.xcassets */; };
		648D83BCA05279D517C89899E5FF3742 /* ShowcaseTableViewController.swift in Sources */ = {isa = PBXBuildFile; fileRef = 2AB97A6B1F9575F63ACFF3498344DFDB /* ShowcaseTableViewController.swift */; };
		6C13F9CEBB33039716CA0370DB949337 /* Pods_LabelCollection.framework in Frameworks */ = {isa = PBXBuildFile; fileRef = 9F54EB6F904FE9A7031111C635573E39 /* Pods_LabelCollection.framework */; };
		7B468904B8FB505098EE761A7506C74F /* Showcase.swift in Sources */ = {isa = PBXBuildFile; fileRef = 89771EF4D723C308F23FDFD9BCB50587 /* Showcase.swift */; };
		7BDCDE744CC5A617424688669236F2CE /* LaunchScreen.storyboard in Resources */ = {isa = PBXBuildFile; fileRef = F254C26CDC8DC39F0787FE7CAA6F0732 /* LaunchScreen.storyboard */; };
		7EACAB0AA298E704663A64A597F46B18 /* NumberFieldView.swift in Sources */ = {isa = PBXBuildFile; fileRef = A12A582DC6129B25E23310CA55DDD195 /* NumberFieldView.swift */; };
		802716627C22A41E872432EB44D653ED /* RootViewController.swift in Sources */ = {isa = PBXBuildFile; fileRef = D667AF2CF4EDE4BE49DE770E85389B4D /* RootViewController.swift */; };
		9F0928FD2DB6AAF89279862C5766A221 /* LaunchScreen.storyboard in Resources */ = {isa = PBXBuildFile; fileRef = F254C26CDC8DC39F0787FE7CAA6F0732 /* LaunchScreen.storyboard */; };
		9F17A42A339B5F9760497650D8308180 /* RootViewController.swift in Sources */ = {isa = PBXBuildFile; fileRef = 7096EC5D5C0798005CF738CBB5072CEA /* RootViewController.swift */; };
		A1D3A916FA7A854CB7CDAC59AE6B443A /* MainViewController.swift in Sources */ = {isa = PBXBuildFile; fileRef = 969BCE26732ED7E1A3284BFDAC8A67BD /* MainViewController.swift */; };
		AC5804E30455B67D411046479BF12534 /* ColorInfo.json in Resources */ = {isa = PBXBuildFile; fileRef = 7B81C5C0A80174AE1A3F40E012B27AC8 /* ColorInfo.json */; };
		ACEA4C982A98C1C9401C9D0B8B680306 /* AppDelegate.swift in Sources */ = {isa = PBXBuildFile; fileRef = 12FE30BADBDA1DD25855181579F1111D /* AppDelegate.swift */; };
		B022690553EF383AA3F99B7A9273CD4E /* Assets.xcassets in Resources */ = {isa = PBXBuildFile; fileRef = F0A35AF2A5E0D8EEA972A88AA9D115E3 /* Assets.xcassets */; };
		B201BC7717F5F3678023EA979C82DBF3 /* Pods_TextAttachmentLab.framework in Frameworks */ = {isa = PBXBuildFile; fileRef = 8A26FA713149FC2C891228F7FECC6D69 /* Pods_TextAttachmentLab.framework */; };
		B8EDC52455994F8601F25266FCF2183E /* RootViewController.swift in Sources */ = {isa = PBXBuildFile; fileRef = 0E37EC8513E171998CE819ADA127CC94 /* RootViewController.swift */; };
		C223D24DDDDE3DB7418E380E82B29A5B /* FlowingTextShowcase.swift in Sources */ = {isa = PBXBuildFile; fileRef = 76B62AA31C8BBDCDA336CB312F7360D4 /* FlowingTextShowcase.swift */; };
		C3625863038EA8A8D5788AD0A5C2A444 /* Assets.xcassets in Resources */ = {isa = PBXBuildFile; fileRef = F0A35AF2A5E0D8EEA972A88AA9D115E3 /* Assets.xcassets */; };
		CE231A1CD75C6EFA175FDBFC87C4F7CC /* HellowShowcase.swift in Sources */ = {isa = PBXBuildFile; fileRef = B92DB1BEE5DD7589F0353214EC932932 /* HellowShowcase.swift */; };
		CE59FC164D1FEDAA0C21F3BD57013E3D /* Pods_LocalizedNumberInputField.framework in Frameworks */ = {isa = PBXBuildFile; fileRef = 6C341C9BFD3A3EEA43B00EC459141385 /* Pods_LocalizedNumberInputField.framework */; };
		D7E2F68BD6B2150FC1A3BD3D4A3A6D6D /* AppDelegate.swift in Sources */ = {isa = PBXBuildFile; fileRef = 12FE30BADBDA1DD25855181579F1111D /* AppDelegate.swift */; };
		DB3E10889CC158F1C9D321BB51DCDBC0 /* LaunchScreen.storyboard in Resources */ = {isa = PBXBuildFile; fileRef = F254C26CDC8DC39F0787FE7CAA6F0732 /* LaunchScreen.storyboard */; };
		DDDDB76FD21AC9ACAAEB7A780779EB93 /* Pods_Showcase.framework in Frameworks */ = {isa = PBXBuildFile; fileRef = 305584711FCDCBFF0BB5CFDB9E141981 /* Pods_Showcase.framework */; };
		E436590FC4A86EF98455135BA66155B1 /* LaunchScreen.storyboard in Resources */ = {isa = PBXBuildFile; fileRef = F254C26CDC8DC39F0787FE7CAA6F0732 /* LaunchScreen.storyboard */; };
		E61E8E5EC961983E9EBDCCEDE91BFCA3 /* Resource.swift in Sources */ = {isa = PBXBuildFile; fileRef = D737D0DD715B01E275F03BB34EC071B0 /* Resource.swift */; };
		F012375D0AFFF89E6CC8D49983ED6B3A /* NavigationController.swift in Sources */ = {isa = PBXBuildFile; fileRef = 314F66195B1AF1DF50BFDA12ECD2DB7D /* NavigationController.swift */; };
		FE41530431069BFF6DBA2F9B4A85881E /* LaunchScreen.storyboard in Resources */ = {isa = PBXBuildFile; fileRef = F254C26CDC8DC39F0787FE7CAA6F0732 /* LaunchScreen.storyboard */; };
		FE53D8454C81DEB4A24B6599AA6E53FE /* Assets.xcassets in Resources */ = {isa = PBXBuildFile; fileRef = F0A35AF2A5E0D8EEA972A88AA9D115E3 /* Assets.xcassets */; };
		FE5D9BF31E27D5E829A126C7F352E871 /* Assets.xcassets in Resources */ = {isa = PBXBuildFile; fileRef = F0A35AF2A5E0D8EEA972A88AA9D115E3 /* Assets.xcassets */; };
/* End PBXBuildFile section */

/* Begin PBXFileReference section */
		0B8BB3542FE7EC974B381725B1716A42 /* NestedStack.app */ = {isa = PBXFileReference; explicitFileType = wrapper.application; includeInIndex = 0; path = NestedStack.app; sourceTree = BUILT_PRODUCTS_DIR; };
		0BB937EA3AF80B828B5BB73EFDDF403A /* LabeledSwitch.swift */ = {isa = PBXFileReference; lastKnownFileType = sourcecode.swift; path = LabeledSwitch.swift; sourceTree = "<group>"; };
		0E37EC8513E171998CE819ADA127CC94 /* RootViewController.swift */ = {isa = PBXFileReference; lastKnownFileType = sourcecode.swift; path = RootViewController.swift; sourceTree = "<group>"; };
		0FBBA5A4141F235632AC7E8B31AE77EC /* RootViewController.swift */ = {isa = PBXFileReference; lastKnownFileType = sourcecode.swift; path = RootViewController.swift; sourceTree = "<group>"; };
		10EF9748F4A7B55F63DDFB70F13CEF5A /* Pods_NumberInputField.framework */ = {isa = PBXFileReference; explicitFileType = wrapper.framework; includeInIndex = 0; path = Pods_NumberInputField.framework; sourceTree = BUILT_PRODUCTS_DIR; };
		1244BFE3097AE9ACA88ECC9369229FD9 /* Info.plist */ = {isa = PBXFileReference; lastKnownFileType = text.plist.xml; path = Info.plist; sourceTree = "<group>"; };
		12FE30BADBDA1DD25855181579F1111D /* AppDelegate.swift */ = {isa = PBXFileReference; lastKnownFileType = sourcecode.swift; path = AppDelegate.swift; sourceTree = "<group>"; };
		1523389A07614912075414E7FCA09A81 /* Pods-TextAttachmentLab.debug.xcconfig */ = {isa = PBXFileReference; includeInIndex = 1; lastKnownFileType = text.xcconfig; name = "Pods-TextAttachmentLab.debug.xcconfig"; path = "Pods/Target Support Files/Pods-TextAttachmentLab/Pods-TextAttachmentLab.debug.xcconfig"; sourceTree = "<group>"; };
		160B257C093E825C8440EE4CC5E319BD /* Pods-TextFlow.debug.xcconfig */ = {isa = PBXFileReference; includeInIndex = 1; lastKnownFileType = text.xcconfig; name = "Pods-TextFlow.debug.xcconfig"; path = "Pods/Target Support Files/Pods-TextFlow/Pods-TextFlow.debug.xcconfig"; sourceTree = "<group>"; };
		1804FA14D3D505483DF96C2214DDB165 /* RootViewController.swift */ = {isa = PBXFileReference; lastKnownFileType = sourcecode.swift; path = RootViewController.swift; sourceTree = "<group>"; };
		1D32F33B79B19CD5474784D8FB6D0D2B /* MainViewController.swift */ = {isa = PBXFileReference; lastKnownFileType = sourcecode.swift; path = MainViewController.swift; sourceTree = "<group>"; };
		1F45B9F8D59D40DB98909135BDA512D1 /* Info.plist */ = {isa = PBXFileReference; lastKnownFileType = text.plist.xml; path = Info.plist; sourceTree = "<group>"; };
		26AB9B1593CDE57343682C60897FF83C /* FlowingTextDemoViewController.swift */ = {isa = PBXFileReference; lastKnownFileType = sourcecode.swift; path = FlowingTextDemoViewController.swift; sourceTree = "<group>"; };
		280FFA1D3FFD8BB06BBF6829677C6D7C /* TextAttachmentLab.app */ = {isa = PBXFileReference; explicitFileType = wrapper.application; includeInIndex = 0; path = TextAttachmentLab.app; sourceTree = BUILT_PRODUCTS_DIR; };
		2AB97A6B1F9575F63ACFF3498344DFDB /* ShowcaseTableViewController.swift */ = {isa = PBXFileReference; lastKnownFileType = sourcecode.swift; path = ShowcaseTableViewController.swift; sourceTree = "<group>"; };
		2AE43C7D2857009E1C9FA276365C56C6 /* Base */ = {isa = PBXFileReference; lastKnownFileType = file.storyboard; name = Base; path = Base.lproj/LaunchScreen.storyboard; sourceTree = "<group>"; };
		2BD4E7C1F2243BB45398C5063BA4DD5B /* HelloViewController.swift */ = {isa = PBXFileReference; lastKnownFileType = sourcecode.swift; path = HelloViewController.swift; sourceTree = "<group>"; };
		305584711FCDCBFF0BB5CFDB9E141981 /* Pods_Showcase.framework */ = {isa = PBXFileReference; explicitFileType = wrapper.framework; includeInIndex = 0; path = Pods_Showcase.framework; sourceTree = BUILT_PRODUCTS_DIR; };
		314F66195B1AF1DF50BFDA12ECD2DB7D /* NavigationController.swift */ = {isa = PBXFileReference; lastKnownFileType = sourcecode.swift; path = NavigationController.swift; sourceTree = "<group>"; };
		362E7361B5F57614D36EED20C06E75FD /* Pods-LocalizedNumberInputField.debug.xcconfig */ = {isa = PBXFileReference; includeInIndex = 1; lastKnownFileType = text.xcconfig; name = "Pods-LocalizedNumberInputField.debug.xcconfig"; path = "Pods/Target Support Files/Pods-LocalizedNumberInputField/Pods-LocalizedNumberInputField.debug.xcconfig"; sourceTree = "<group>"; };
		3C8C8DC29211FB054DDCE93AEF013845 /* Info.plist */ = {isa = PBXFileReference; lastKnownFileType = text.plist.xml; path = Info.plist; sourceTree = "<group>"; };
		41CF3A6CB55FFB5402D9E6988255CF7D /* LocalizedNumberInputField.app */ = {isa = PBXFileReference; explicitFileType = wrapper.application; includeInIndex = 0; path = LocalizedNumberInputField.app; sourceTree = BUILT_PRODUCTS_DIR; };
		42DA9A079D63BFD06B5045B1C2EE8DF5 /* Info.plist */ = {isa = PBXFileReference; lastKnownFileType = text.plist.xml; path = Info.plist; sourceTree = "<group>"; };
		439D2B873268022DB33F77B22FB41F1A /* LabelCollection.app */ = {isa = PBXFileReference; explicitFileType = wrapper.application; includeInIndex = 0; path = LabelCollection.app; sourceTree = BUILT_PRODUCTS_DIR; };
		4F6C0B59A6216B447290F5B10506EA0B /* Pods-LabelCollection.release.xcconfig */ = {isa = PBXFileReference; includeInIndex = 1; lastKnownFileType = text.xcconfig; name = "Pods-LabelCollection.release.xcconfig"; path = "Pods/Target Support Files/Pods-LabelCollection/Pods-LabelCollection.release.xcconfig"; sourceTree = "<group>"; };
		6B661443C13B4001B0B296E409BEBE7C /* Pods-LabelCollection.debug.xcconfig */ = {isa = PBXFileReference; includeInIndex = 1; lastKnownFileType = text.xcconfig; name = "Pods-LabelCollection.debug.xcconfig"; path = "Pods/Target Support Files/Pods-LabelCollection/Pods-LabelCollection.debug.xcconfig"; sourceTree = "<group>"; };
		6C341C9BFD3A3EEA43B00EC459141385 /* Pods_LocalizedNumberInputField.framework */ = {isa = PBXFileReference; explicitFileType = wrapper.framework; includeInIndex = 0; path = Pods_LocalizedNumberInputField.framework; sourceTree = BUILT_PRODUCTS_DIR; };
		7096EC5D5C0798005CF738CBB5072CEA /* RootViewController.swift */ = {isa = PBXFileReference; lastKnownFileType = sourcecode.swift; path = RootViewController.swift; sourceTree = "<group>"; };
		75DC0CD8E135B30C639B2D9A3E813B2B /* Pods-TextFlow.release.xcconfig */ = {isa = PBXFileReference; includeInIndex = 1; lastKnownFileType = text.xcconfig; name = "Pods-TextFlow.release.xcconfig"; path = "Pods/Target Support Files/Pods-TextFlow/Pods-TextFlow.release.xcconfig"; sourceTree = "<group>"; };
		76B62AA31C8BBDCDA336CB312F7360D4 /* FlowingTextShowcase.swift */ = {isa = PBXFileReference; lastKnownFileType = sourcecode.swift; path = FlowingTextShowcase.swift; sourceTree = "<group>"; };
		7B81C5C0A80174AE1A3F40E012B27AC8 /* ColorInfo.json */ = {isa = PBXFileReference; lastKnownFileType = text.json; path = ColorInfo.json; sourceTree = "<group>"; };
		82C3F8CB4F02BEA217593561C1C0968F /* Pods-Hello.debug.xcconfig */ = {isa = PBXFileReference; includeInIndex = 1; lastKnownFileType = text.xcconfig; name = "Pods-Hello.debug.xcconfig"; path = "Pods/Target Support Files/Pods-Hello/Pods-Hello.debug.xcconfig"; sourceTree = "<group>"; };
		88D0E39D325454478D151A4FB9267AB3 /* Pods_Samples.framework */ = {isa = PBXFileReference; explicitFileType = wrapper.framework; includeInIndex = 0; path = Pods_Samples.framework; sourceTree = BUILT_PRODUCTS_DIR; };
		89771EF4D723C308F23FDFD9BCB50587 /* Showcase.swift */ = {isa = PBXFileReference; lastKnownFileType = sourcecode.swift; path = Showcase.swift; sourceTree = "<group>"; };
		8A26FA713149FC2C891228F7FECC6D69 /* Pods_TextAttachmentLab.framework */ = {isa = PBXFileReference; explicitFileType = wrapper.framework; includeInIndex = 0; path = Pods_TextAttachmentLab.framework; sourceTree = BUILT_PRODUCTS_DIR; };
		9262FAC6E127C0BFF3A18C15C7EE184D /* Info.plist */ = {isa = PBXFileReference; lastKnownFileType = text.plist.xml; path = Info.plist; sourceTree = "<group>"; };
		9470B6B35BDFEF3DEA9BFB22567F679A /* Pods-NestedStack.release.xcconfig */ = {isa = PBXFileReference; includeInIndex = 1; lastKnownFileType = text.xcconfig; name = "Pods-NestedStack.release.xcconfig"; path = "Pods/Target Support Files/Pods-NestedStack/Pods-NestedStack.release.xcconfig"; sourceTree = "<group>"; };
		969BCE26732ED7E1A3284BFDAC8A67BD /* MainViewController.swift */ = {isa = PBXFileReference; lastKnownFileType = sourcecode.swift; path = MainViewController.swift; sourceTree = "<group>"; };
		9F54EB6F904FE9A7031111C635573E39 /* Pods_LabelCollection.framework */ = {isa = PBXFileReference; explicitFileType = wrapper.framework; includeInIndex = 0; path = Pods_LabelCollection.framework; sourceTree = BUILT_PRODUCTS_DIR; };
		A12A582DC6129B25E23310CA55DDD195 /* NumberFieldView.swift */ = {isa = PBXFileReference; lastKnownFileType = sourcecode.swift; path = NumberFieldView.swift; sourceTree = "<group>"; };
		A405BE256E7879915EC83621359BF178 /* MainViewController.swift */ = {isa = PBXFileReference; lastKnownFileType = sourcecode.swift; path = MainViewController.swift; sourceTree = "<group>"; };
		A6615405AC973BD395E911357DD758CF /* Pods-NestedStack.debug.xcconfig */ = {isa = PBXFileReference; includeInIndex = 1; lastKnownFileType = text.xcconfig; name = "Pods-NestedStack.debug.xcconfig"; path = "Pods/Target Support Files/Pods-NestedStack/Pods-NestedStack.debug.xcconfig"; sourceTree = "<group>"; };
		B2731A07C888C7143B48CF805169A346 /* Info.plist */ = {isa = PBXFileReference; lastKnownFileType = text.plist.xml; path = Info.plist; sourceTree = "<group>"; };
		B2E3C74C5CFDF158292B0F1CB621A4D3 /* UIColorExtension.swift */ = {isa = PBXFileReference; lastKnownFileType = sourcecode.swift; path = UIColorExtension.swift; sourceTree = "<group>"; };
		B412347758FE0299E71E7681F13CAC14 /* Pods-TextAttachmentLab.release.xcconfig */ = {isa = PBXFileReference; includeInIndex = 1; lastKnownFileType = text.xcconfig; name = "Pods-TextAttachmentLab.release.xcconfig"; path = "Pods/Target Support Files/Pods-TextAttachmentLab/Pods-TextAttachmentLab.release.xcconfig"; sourceTree = "<group>"; };
		B92DB1BEE5DD7589F0353214EC932932 /* HellowShowcase.swift */ = {isa = PBXFileReference; lastKnownFileType = sourcecode.swift; path = HellowShowcase.swift; sourceTree = "<group>"; };
		BA6B62F696822B4243191890B8DED1E3 /* UIImageExtension.swift */ = {isa = PBXFileReference; lastKnownFileType = sourcecode.swift; path = UIImageExtension.swift; sourceTree = "<group>"; };
		C1AACA99A3548B24824C6A064C5A9FBD /* Pods-LocalizedNumberInputField.release.xcconfig */ = {isa = PBXFileReference; includeInIndex = 1; lastKnownFileType = text.xcconfig; name = "Pods-LocalizedNumberInputField.release.xcconfig"; path = "Pods/Target Support Files/Pods-LocalizedNumberInputField/Pods-LocalizedNumberInputField.release.xcconfig"; sourceTree = "<group>"; };
		C60C16387620DED69F9F4C3D772B73E1 /* Pods-Hello.release.xcconfig */ = {isa = PBXFileReference; includeInIndex = 1; lastKnownFileType = text.xcconfig; name = "Pods-Hello.release.xcconfig"; path = "Pods/Target Support Files/Pods-Hello/Pods-Hello.release.xcconfig"; sourceTree = "<group>"; };
		C68B779A7402BBB7572FD08BBF6200FA /* Pods_Hello.framework */ = {isa = PBXFileReference; explicitFileType = wrapper.framework; includeInIndex = 0; path = Pods_Hello.framework; sourceTree = BUILT_PRODUCTS_DIR; };
		C81D0CC9B9224437050F1CAC45381161 /* Podfile */ = {isa = PBXFileReference; lastKnownFileType = text; path = Podfile; sourceTree = SOURCE_ROOT; };
		C91A3884B0FEC46C6E9D11AD24975309 /* Pods_TextFlow.framework */ = {isa = PBXFileReference; explicitFileType = wrapper.framework; includeInIndex = 0; path = Pods_TextFlow.framework; sourceTree = BUILT_PRODUCTS_DIR; };
		C91CDD479B198D2BE9466678CADDC10E /* ShowcaseTableViewCell.swift */ = {isa = PBXFileReference; lastKnownFileType = sourcecode.swift; path = ShowcaseTableViewCell.swift; sourceTree = "<group>"; };
		C95888C8DA4AA86612D6DF9821C74834 /* Pods_NestedStack.framework */ = {isa = PBXFileReference; explicitFileType = wrapper.framework; includeInIndex = 0; path = Pods_NestedStack.framework; sourceTree = BUILT_PRODUCTS_DIR; };
		C967A9C9C7E3F0059EE276C9D14DB6B2 /* Showcase.app */ = {isa = PBXFileReference; explicitFileType = wrapper.application; includeInIndex = 0; path = Showcase.app; sourceTree = BUILT_PRODUCTS_DIR; };
		CEC071E445CF574809D2C4B86A983626 /* MainViewController.swift */ = {isa = PBXFileReference; lastKnownFileType = sourcecode.swift; path = MainViewController.swift; sourceTree = "<group>"; };
		D5FF7407F49247C565F015C0D6080E37 /* FlowingTextView.swift */ = {isa = PBXFileReference; lastKnownFileType = sourcecode.swift; path = FlowingTextView.swift; sourceTree = "<group>"; };
		D667AF2CF4EDE4BE49DE770E85389B4D /* RootViewController.swift */ = {isa = PBXFileReference; lastKnownFileType = sourcecode.swift; path = RootViewController.swift; sourceTree = "<group>"; };
		D6C73203DFC67FFC66E38B96B86B1383 /* NumberInputField.app */ = {isa = PBXFileReference; explicitFileType = wrapper.application; includeInIndex = 0; path = NumberInputField.app; sourceTree = BUILT_PRODUCTS_DIR; };
		D737D0DD715B01E275F03BB34EC071B0 /* Resource.swift */ = {isa = PBXFileReference; lastKnownFileType = sourcecode.swift; path = Resource.swift; sourceTree = "<group>"; };
		DBDB2C13D27365B9AA5734EA12582B29 /* RootViewController.swift */ = {isa = PBXFileReference; lastKnownFileType = sourcecode.swift; path = RootViewController.swift; sourceTree = "<group>"; };
		DE52BF2C3F1DC4177577E5390FE29DCA /* Pods-NumberInputField.release.xcconfig */ = {isa = PBXFileReference; includeInIndex = 1; lastKnownFileType = text.xcconfig; name = "Pods-NumberInputField.release.xcconfig"; path = "Pods/Target Support Files/Pods-NumberInputField/Pods-NumberInputField.release.xcconfig"; sourceTree = "<group>"; };
		DF3F2D14294517BD881373C78270BE71 /* README.md */ = {isa = PBXFileReference; lastKnownFileType = net.daringfireball.markdown; path = README.md; sourceTree = "<group>"; };
		E8845D9835A85AE2A503AA23AB4BF805 /* Pods-Showcase.release.xcconfig */ = {isa = PBXFileReference; includeInIndex = 1; lastKnownFileType = text.xcconfig; name = "Pods-Showcase.release.xcconfig"; path = "Pods/Target Support Files/Pods-Showcase/Pods-Showcase.release.xcconfig"; sourceTree = "<group>"; };
		EA0EE0D9641D14929309E2B122CEE7D6 /* ColorInfo.swift */ = {isa = PBXFileReference; lastKnownFileType = sourcecode.swift; path = ColorInfo.swift; sourceTree = "<group>"; };
		F0A35AF2A5E0D8EEA972A88AA9D115E3 /* Assets.xcassets */ = {isa = PBXFileReference; lastKnownFileType = folder.assetcatalog; path = Assets.xcassets; sourceTree = "<group>"; };
		F0E000434774798AA62C7DA1A9A03FE6 /* URLImageTextAttachment.swift */ = {isa = PBXFileReference; lastKnownFileType = sourcecode.swift; path = URLImageTextAttachment.swift; sourceTree = "<group>"; };
		F1D3D5436389D940A39AE0FA65CE6FF1 /* LabelCollectionView.swift */ = {isa = PBXFileReference; lastKnownFileType = sourcecode.swift; path = LabelCollectionView.swift; sourceTree = "<group>"; };
		F41C8A3D64FA86C84E983B0A8F4F7AA8 /* Pods-Showcase.debug.xcconfig */ = {isa = PBXFileReference; includeInIndex = 1; lastKnownFileType = text.xcconfig; name = "Pods-Showcase.debug.xcconfig"; path = "Pods/Target Support Files/Pods-Showcase/Pods-Showcase.debug.xcconfig"; sourceTree = "<group>"; };
		F544449D3BE3506BA69F3E9DE6F17303 /* MainViewController.swift */ = {isa = PBXFileReference; lastKnownFileType = sourcecode.swift; path = MainViewController.swift; sourceTree = "<group>"; };
		F6A55E78A702B3F60F2A4D562DFCC6B1 /* Pods-NumberInputField.debug.xcconfig */ = {isa = PBXFileReference; includeInIndex = 1; lastKnownFileType = text.xcconfig; name = "Pods-NumberInputField.debug.xcconfig"; path = "Pods/Target Support Files/Pods-NumberInputField/Pods-NumberInputField.debug.xcconfig"; sourceTree = "<group>"; };
/* End PBXFileReference section */

/* Begin PBXFrameworksBuildPhase section */
		0897638105525C1F5D398B0FB73A290F /* Frameworks */ = {
			isa = PBXFrameworksBuildPhase;
			buildActionMask = 2147483647;
			files = (
				6C13F9CEBB33039716CA0370DB949337 /* Pods_LabelCollection.framework in Frameworks */,
			);
			runOnlyForDeploymentPostprocessing = 0;
		};
		17682DE58AEDD489835D0523AE1BC348 /* Frameworks */ = {
			isa = PBXFrameworksBuildPhase;
			buildActionMask = 2147483647;
			files = (
				B201BC7717F5F3678023EA979C82DBF3 /* Pods_TextAttachmentLab.framework in Frameworks */,
			);
			runOnlyForDeploymentPostprocessing = 0;
		};
		37B4BFCCDA3BCBAE7DE8D361ADFA6D7A /* Frameworks */ = {
			isa = PBXFrameworksBuildPhase;
			buildActionMask = 2147483647;
			files = (
				DDDDB76FD21AC9ACAAEB7A780779EB93 /* Pods_Showcase.framework in Frameworks */,
			);
			runOnlyForDeploymentPostprocessing = 0;
		};
		7C580A656B3970C2BA77A9F2B5B117DA /* Frameworks */ = {
			isa = PBXFrameworksBuildPhase;
			buildActionMask = 2147483647;
			files = (
				580D38FD5123C5BBE77D410CC7AB0B63 /* Pods_NestedStack.framework in Frameworks */,
			);
			runOnlyForDeploymentPostprocessing = 0;
		};
		A10E18B9E398CBC46FA14AAEF9BC2B5A /* Frameworks */ = {
			isa = PBXFrameworksBuildPhase;
			buildActionMask = 2147483647;
			files = (
				5EBE071258B0E074410A9EBA767FFA5B /* Pods_NumberInputField.framework in Frameworks */,
			);
			runOnlyForDeploymentPostprocessing = 0;
		};
		F9C01000B35F8A7835DA4AF997874716 /* Frameworks */ = {
			isa = PBXFrameworksBuildPhase;
			buildActionMask = 2147483647;
			files = (
				CE59FC164D1FEDAA0C21F3BD57013E3D /* Pods_LocalizedNumberInputField.framework in Frameworks */,
			);
			runOnlyForDeploymentPostprocessing = 0;
		};
/* End PBXFrameworksBuildPhase section */

/* Begin PBXGroup section */
		086895FB852D8ABE2C2CD7E55B29ADC8 /* LocalizedNumberInputField */ = {
			isa = PBXGroup;
			children = (
				B2731A07C888C7143B48CF805169A346 /* Info.plist */,
				1D32F33B79B19CD5474784D8FB6D0D2B /* MainViewController.swift */,
				A12A582DC6129B25E23310CA55DDD195 /* NumberFieldView.swift */,
				0E37EC8513E171998CE819ADA127CC94 /* RootViewController.swift */,
			);
			path = LocalizedNumberInputField;
			sourceTree = "<group>";
		};
		091E8F14BA900E523A6BD5108E82ED3B /* NestedStack */ = {
			isa = PBXGroup;
			children = (
				7B81C5C0A80174AE1A3F40E012B27AC8 /* ColorInfo.json */,
				EA0EE0D9641D14929309E2B122CEE7D6 /* ColorInfo.swift */,
				3C8C8DC29211FB054DDCE93AEF013845 /* Info.plist */,
				0BB937EA3AF80B828B5BB73EFDDF403A /* LabeledSwitch.swift */,
				CEC071E445CF574809D2C4B86A983626 /* MainViewController.swift */,
				D667AF2CF4EDE4BE49DE770E85389B4D /* RootViewController.swift */,
			);
			path = NestedStack;
			sourceTree = "<group>";
		};
		103757059FF9EEB559F0098D12F41D96 /* Products */ = {
			isa = PBXGroup;
			children = (
				439D2B873268022DB33F77B22FB41F1A /* LabelCollection.app */,
				41CF3A6CB55FFB5402D9E6988255CF7D /* LocalizedNumberInputField.app */,
				0B8BB3542FE7EC974B381725B1716A42 /* NestedStack.app */,
				D6C73203DFC67FFC66E38B96B86B1383 /* NumberInputField.app */,
				C967A9C9C7E3F0059EE276C9D14DB6B2 /* Showcase.app */,
				280FFA1D3FFD8BB06BBF6829677C6D7C /* TextAttachmentLab.app */,
			);
			name = Products;
			sourceTree = "<group>";
		};
		24DBC91247F0340FDD1556697D8E9C7A /* Common */ = {
			isa = PBXGroup;
			children = (
				12FE30BADBDA1DD25855181579F1111D /* AppDelegate.swift */,
				F0A35AF2A5E0D8EEA972A88AA9D115E3 /* Assets.xcassets */,
				F254C26CDC8DC39F0787FE7CAA6F0732 /* LaunchScreen.storyboard */,
			);
			path = Common;
			sourceTree = "<group>";
		};
		31DE1326D30CF4A4DC84BCB5533B3805 /* LabelCollection */ = {
			isa = PBXGroup;
			children = (
				1F45B9F8D59D40DB98909135BDA512D1 /* Info.plist */,
				F1D3D5436389D940A39AE0FA65CE6FF1 /* LabelCollectionView.swift */,
				969BCE26732ED7E1A3284BFDAC8A67BD /* MainViewController.swift */,
				7096EC5D5C0798005CF738CBB5072CEA /* RootViewController.swift */,
			);
			path = LabelCollection;
			sourceTree = "<group>";
		};
		53AE7A5B9B80F0941A71620A808E9470 = {
			isa = PBXGroup;
			children = (
				24DBC91247F0340FDD1556697D8E9C7A /* Common */,
				8206A4E7DA41C93B1365156042B8378C /* Frameworks */,
				80F94F45BA898F937740E064763DCC38 /* Hello */,
				31DE1326D30CF4A4DC84BCB5533B3805 /* LabelCollection */,
				086895FB852D8ABE2C2CD7E55B29ADC8 /* LocalizedNumberInputField */,
				091E8F14BA900E523A6BD5108E82ED3B /* NestedStack */,
				7F424FEF0B677708A4EA9C95545186F5 /* NumberInputField */,
				C81D0CC9B9224437050F1CAC45381161 /* Podfile */,
				849093B32331F90CF0C9EA8D8BC68802 /* Pods */,
				103757059FF9EEB559F0098D12F41D96 /* Products */,
				BD8B15546A3E85D346745E72925FED5B /* Showcase */,
				9A3663217E933CA1F3177995FCC5EAC4 /* TextAttachmentLab */,
				F5514C16049986006F7FC04CCC1FCEAC /* TextFlow */,
				CB20298904529C8595C21A7BDBB5D900 /* Utils */,
				DF3F2D14294517BD881373C78270BE71 /* README.md */,
			);
			sourceTree = "<group>";
		};
		64C53F701BC3780D5C6CD7CD07283827 /* Models */ = {
			isa = PBXGroup;
			children = (
				76B62AA31C8BBDCDA336CB312F7360D4 /* FlowingTextShowcase.swift */,
				B92DB1BEE5DD7589F0353214EC932932 /* HellowShowcase.swift */,
				89771EF4D723C308F23FDFD9BCB50587 /* Showcase.swift */,
			);
			path = Models;
			sourceTree = "<group>";
		};
		7F424FEF0B677708A4EA9C95545186F5 /* NumberInputField */ = {
			isa = PBXGroup;
			children = (
				9262FAC6E127C0BFF3A18C15C7EE184D /* Info.plist */,
				A405BE256E7879915EC83621359BF178 /* MainViewController.swift */,
				DBDB2C13D27365B9AA5734EA12582B29 /* RootViewController.swift */,
			);
			path = NumberInputField;
			sourceTree = "<group>";
		};
		80F94F45BA898F937740E064763DCC38 /* Hello */ = {
			isa = PBXGroup;
			children = (
				2BD4E7C1F2243BB45398C5063BA4DD5B /* HelloViewController.swift */,
			);
			path = Hello;
			sourceTree = "<group>";
		};
		8206A4E7DA41C93B1365156042B8378C /* Frameworks */ = {
			isa = PBXGroup;
			children = (
				C68B779A7402BBB7572FD08BBF6200FA /* Pods_Hello.framework */,
				9F54EB6F904FE9A7031111C635573E39 /* Pods_LabelCollection.framework */,
				6C341C9BFD3A3EEA43B00EC459141385 /* Pods_LocalizedNumberInputField.framework */,
				C95888C8DA4AA86612D6DF9821C74834 /* Pods_NestedStack.framework */,
				10EF9748F4A7B55F63DDFB70F13CEF5A /* Pods_NumberInputField.framework */,
				88D0E39D325454478D151A4FB9267AB3 /* Pods_Samples.framework */,
				305584711FCDCBFF0BB5CFDB9E141981 /* Pods_Showcase.framework */,
				8A26FA713149FC2C891228F7FECC6D69 /* Pods_TextAttachmentLab.framework */,
				C91A3884B0FEC46C6E9D11AD24975309 /* Pods_TextFlow.framework */,
			);
			name = Frameworks;
			sourceTree = "<group>";
		};
		849093B32331F90CF0C9EA8D8BC68802 /* Pods */ = {
			isa = PBXGroup;
			children = (
				82C3F8CB4F02BEA217593561C1C0968F /* Pods-Hello.debug.xcconfig */,
				C60C16387620DED69F9F4C3D772B73E1 /* Pods-Hello.release.xcconfig */,
				6B661443C13B4001B0B296E409BEBE7C /* Pods-LabelCollection.debug.xcconfig */,
				4F6C0B59A6216B447290F5B10506EA0B /* Pods-LabelCollection.release.xcconfig */,
				362E7361B5F57614D36EED20C06E75FD /* Pods-LocalizedNumberInputField.debug.xcconfig */,
				C1AACA99A3548B24824C6A064C5A9FBD /* Pods-LocalizedNumberInputField.release.xcconfig */,
				A6615405AC973BD395E911357DD758CF /* Pods-NestedStack.debug.xcconfig */,
				9470B6B35BDFEF3DEA9BFB22567F679A /* Pods-NestedStack.release.xcconfig */,
				F6A55E78A702B3F60F2A4D562DFCC6B1 /* Pods-NumberInputField.debug.xcconfig */,
				DE52BF2C3F1DC4177577E5390FE29DCA /* Pods-NumberInputField.release.xcconfig */,
				F41C8A3D64FA86C84E983B0A8F4F7AA8 /* Pods-Showcase.debug.xcconfig */,
				E8845D9835A85AE2A503AA23AB4BF805 /* Pods-Showcase.release.xcconfig */,
				1523389A07614912075414E7FCA09A81 /* Pods-TextAttachmentLab.debug.xcconfig */,
				B412347758FE0299E71E7681F13CAC14 /* Pods-TextAttachmentLab.release.xcconfig */,
				160B257C093E825C8440EE4CC5E319BD /* Pods-TextFlow.debug.xcconfig */,
				75DC0CD8E135B30C639B2D9A3E813B2B /* Pods-TextFlow.release.xcconfig */,
			);
			name = Pods;
			sourceTree = "<group>";
		};
		9A3663217E933CA1F3177995FCC5EAC4 /* TextAttachmentLab */ = {
			isa = PBXGroup;
			children = (
				42DA9A079D63BFD06B5045B1C2EE8DF5 /* Info.plist */,
				F544449D3BE3506BA69F3E9DE6F17303 /* MainViewController.swift */,
				D737D0DD715B01E275F03BB34EC071B0 /* Resource.swift */,
				1804FA14D3D505483DF96C2214DDB165 /* RootViewController.swift */,
				F0E000434774798AA62C7DA1A9A03FE6 /* URLImageTextAttachment.swift */,
			);
			path = TextAttachmentLab;
			sourceTree = "<group>";
		};
		BD8B15546A3E85D346745E72925FED5B /* Showcase */ = {
			isa = PBXGroup;
			children = (
				64C53F701BC3780D5C6CD7CD07283827 /* Models */,
				1244BFE3097AE9ACA88ECC9369229FD9 /* Info.plist */,
				314F66195B1AF1DF50BFDA12ECD2DB7D /* NavigationController.swift */,
				0FBBA5A4141F235632AC7E8B31AE77EC /* RootViewController.swift */,
				C91CDD479B198D2BE9466678CADDC10E /* ShowcaseTableViewCell.swift */,
				2AB97A6B1F9575F63ACFF3498344DFDB /* ShowcaseTableViewController.swift */,
			);
			path = Showcase;
			sourceTree = "<group>";
		};
		CB20298904529C8595C21A7BDBB5D900 /* Utils */ = {
			isa = PBXGroup;
			children = (
				B2E3C74C5CFDF158292B0F1CB621A4D3 /* UIColorExtension.swift */,
				BA6B62F696822B4243191890B8DED1E3 /* UIImageExtension.swift */,
			);
			path = Utils;
			sourceTree = "<group>";
		};
		F5514C16049986006F7FC04CCC1FCEAC /* TextFlow */ = {
			isa = PBXGroup;
			children = (
				26AB9B1593CDE57343682C60897FF83C /* FlowingTextDemoViewController.swift */,
				D5FF7407F49247C565F015C0D6080E37 /* FlowingTextView.swift */,
			);
			path = TextFlow;
			sourceTree = "<group>";
		};
/* End PBXGroup section */

/* Begin PBXNativeTarget section */
		253BA5407EA36C538E37053F0E6FF2A4 /* Showcase */ = {
			isa = PBXNativeTarget;
			buildConfigurationList = E9E2FA731EA112CC739D0ADE416E17B6 /* Build configuration list for PBXNativeTarget "Showcase" */;
			buildPhases = (
				14D91A1468550DE20F294396A7545450 /* [CP] Check Pods Manifest.lock */,
				B47905446198F0CCEFF8B5982C483F1D /* Sources */,
				37B4BFCCDA3BCBAE7DE8D361ADFA6D7A /* Frameworks */,
				8920196B14E258B6FA16F99632EA20A0 /* Resources */,
				3208FD0E714C66F00E9C8B0917B2B1E6 /* [CP] Embed Pods Frameworks */,
				04D1A585554E74205DC04C9BDF13CA67 /* Run Swiftlint */,
			);
			buildRules = (
			);
			dependencies = (
			);
			name = Showcase;
			productName = Showcase;
			productReference = C967A9C9C7E3F0059EE276C9D14DB6B2 /* Showcase.app */;
			productType = "com.apple.product-type.application";
		};
		862EB7E04DF149CD3492FF01BE92F3D8 /* NumberInputField */ = {
			isa = PBXNativeTarget;
			buildConfigurationList = EF7FAE7AB4641926462E00F07F8DC49B /* Build configuration list for PBXNativeTarget "NumberInputField" */;
			buildPhases = (
				51FEA1A6892B7C520051DD38350B312E /* [CP] Check Pods Manifest.lock */,
				02E2385FA6813B9E0EE7008B5BBB9A1F /* Sources */,
				A10E18B9E398CBC46FA14AAEF9BC2B5A /* Frameworks */,
				5A4D0CB2A34CFB3B27431913DE954BD6 /* Resources */,
				BE8C080D67990F532504425F44293244 /* [CP] Embed Pods Frameworks */,
			);
			buildRules = (
			);
			dependencies = (
			);
			name = NumberInputField;
			productName = NumberInputField;
			productReference = D6C73203DFC67FFC66E38B96B86B1383 /* NumberInputField.app */;
			productType = "com.apple.product-type.application";
		};
		90A47BCA0F060F1207F1CDDED6BD4726 /* LabelCollection */ = {
			isa = PBXNativeTarget;
			buildConfigurationList = EEA32E6BC3DA11370133C3C376A1B25B /* Build configuration list for PBXNativeTarget "LabelCollection" */;
			buildPhases = (
				D9EB65CA5B6EF99F274CF7449DA3506F /* [CP] Check Pods Manifest.lock */,
				E59BA160120D2D2CD1B0FBF3B3CBC47F /* Sources */,
				0897638105525C1F5D398B0FB73A290F /* Frameworks */,
				C4F676BEA8DEF28EFE033C0E5F2A2FDD /* Resources */,
				70963E8729E439896FC517818424E1FC /* [CP] Embed Pods Frameworks */,
			);
			buildRules = (
			);
			dependencies = (
			);
			name = LabelCollection;
			productName = LabelCollection;
			productReference = 439D2B873268022DB33F77B22FB41F1A /* LabelCollection.app */;
			productType = "com.apple.product-type.application";
		};
		916B2B96B77AE4982CFFD356A561552A /* LocalizedNumberInputField */ = {
			isa = PBXNativeTarget;
			buildConfigurationList = B670F98B5DBBB354C240D4DB36DFE6F6 /* Build configuration list for PBXNativeTarget "LocalizedNumberInputField" */;
			buildPhases = (
				92F3A799D470EA9350109B83156E000E /* [CP] Check Pods Manifest.lock */,
				2325C8C895CDB13802FED9A337B48A8D /* Sources */,
				F9C01000B35F8A7835DA4AF997874716 /* Frameworks */,
				AAFAF977E34564EC59D1E0A6880B3701 /* Resources */,
				F6D9E25CB1C0A981C698278B235D2FDF /* [CP] Embed Pods Frameworks */,
			);
			buildRules = (
			);
			dependencies = (
			);
			name = LocalizedNumberInputField;
			productName = LocalizedNumberInputField;
			productReference = 41CF3A6CB55FFB5402D9E6988255CF7D /* LocalizedNumberInputField.app */;
			productType = "com.apple.product-type.application";
		};
		9246D573716DFC06106E7E8A1108A58A /* NestedStack */ = {
			isa = PBXNativeTarget;
			buildConfigurationList = C64EB6ADE26A0DECE871BB76BC575571 /* Build configuration list for PBXNativeTarget "NestedStack" */;
			buildPhases = (
				876DC3B5131CE0650B16EC59D73CDF6E /* [CP] Check Pods Manifest.lock */,
				FEC1A4A2210C14BA402C2E003FE639E9 /* Sources */,
				7C580A656B3970C2BA77A9F2B5B117DA /* Frameworks */,
				C0236333C19064E8A8C4CBFCC1375A87 /* Resources */,
				C8E1CFE87587303BF9B37A12F4D9D13D /* [CP] Embed Pods Frameworks */,
			);
			buildRules = (
			);
			dependencies = (
			);
			name = NestedStack;
			productName = NestedStack;
			productReference = 0B8BB3542FE7EC974B381725B1716A42 /* NestedStack.app */;
			productType = "com.apple.product-type.application";
		};
		ED9A9958B7AF01AA5D760922FAA9D888 /* TextAttachmentLab */ = {
			isa = PBXNativeTarget;
			buildConfigurationList = 2B0C9A4B45D04A70E4A06986067C51A2 /* Build configuration list for PBXNativeTarget "TextAttachmentLab" */;
			buildPhases = (
				B63A94F0B2F141A041DC72605616CBC3 /* [CP] Check Pods Manifest.lock */,
				872230261FD8F660F5F8B57132A57235 /* Sources */,
				17682DE58AEDD489835D0523AE1BC348 /* Frameworks */,
				DB6AA0C032C3886A74AF58DD0A3B2CDD /* Resources */,
				5122CA5F3C8D91C25B229091F65DB24A /* [CP] Embed Pods Frameworks */,
			);
			buildRules = (
			);
			dependencies = (
			);
			name = TextAttachmentLab;
			productName = TextAttachmentLab;
			productReference = 280FFA1D3FFD8BB06BBF6829677C6D7C /* TextAttachmentLab.app */;
			productType = "com.apple.product-type.application";
		};
/* End PBXNativeTarget section */

/* Begin PBXProject section */
		DC8CD67556A0C4200602F3C1E4E2CB11 /* Project object */ = {
			isa = PBXProject;
			attributes = {
				LastSwiftUpdateCheck = 1100;
				LastUpgradeCheck = 0940;
				ORGANIZATIONNAME = "Jahyun Oh";
				TargetAttributes = {
					253BA5407EA36C538E37053F0E6FF2A4 = {
						CreatedOnToolsVersion = 11.0;
					};
					862EB7E04DF149CD3492FF01BE92F3D8 = {
						CreatedOnToolsVersion = 9.4.1;
					};
					90A47BCA0F060F1207F1CDDED6BD4726 = {
						CreatedOnToolsVersion = 10.3;
					};
					916B2B96B77AE4982CFFD356A561552A = {
						CreatedOnToolsVersion = 9.4.1;
					};
					9246D573716DFC06106E7E8A1108A58A = {
						CreatedOnToolsVersion = 11.0;
					};
					ED9A9958B7AF01AA5D760922FAA9D888 = {
						CreatedOnToolsVersion = 10.2.1;
					};
				};
			};
			buildConfigurationList = 70F1936EA12E6BF39635B737611013FD /* Build configuration list for PBXProject "Samples" */;
			compatibilityVersion = "Xcode 9.3";
			developmentRegion = en;
			hasScannedForEncodings = 0;
			knownRegions = (
				en,
				Base,
			);
			mainGroup = 53AE7A5B9B80F0941A71620A808E9470;
			productRefGroup = 103757059FF9EEB559F0098D12F41D96 /* Products */;
			projectDirPath = "";
			projectRoot = "";
			targets = (
				862EB7E04DF149CD3492FF01BE92F3D8 /* NumberInputField */,
				916B2B96B77AE4982CFFD356A561552A /* LocalizedNumberInputField */,
				ED9A9958B7AF01AA5D760922FAA9D888 /* TextAttachmentLab */,
				90A47BCA0F060F1207F1CDDED6BD4726 /* LabelCollection */,
				9246D573716DFC06106E7E8A1108A58A /* NestedStack */,
				253BA5407EA36C538E37053F0E6FF2A4 /* Showcase */,
			);
		};
/* End PBXProject section */

/* Begin PBXResourcesBuildPhase section */
		5A4D0CB2A34CFB3B27431913DE954BD6 /* Resources */ = {
			isa = PBXResourcesBuildPhase;
			buildActionMask = 2147483647;
			files = (
				C3625863038EA8A8D5788AD0A5C2A444 /* Assets.xcassets in Resources */,
				4E9263A84498D5BF075B635846B6BF6E /* LaunchScreen.storyboard in Resources */,
			);
			runOnlyForDeploymentPostprocessing = 0;
		};
		8920196B14E258B6FA16F99632EA20A0 /* Resources */ = {
			isa = PBXResourcesBuildPhase;
			buildActionMask = 2147483647;
			files = (
				2F0E437F41FD9D7D67FE1DC87430BCAC /* Assets.xcassets in Resources */,
				9F0928FD2DB6AAF89279862C5766A221 /* LaunchScreen.storyboard in Resources */,
			);
			runOnlyForDeploymentPostprocessing = 0;
		};
		AAFAF977E34564EC59D1E0A6880B3701 /* Resources */ = {
			isa = PBXResourcesBuildPhase;
			buildActionMask = 2147483647;
			files = (
				FE53D8454C81DEB4A24B6599AA6E53FE /* Assets.xcassets in Resources */,
				7BDCDE744CC5A617424688669236F2CE /* LaunchScreen.storyboard in Resources */,
			);
			runOnlyForDeploymentPostprocessing = 0;
		};
		C0236333C19064E8A8C4CBFCC1375A87 /* Resources */ = {
			isa = PBXResourcesBuildPhase;
			buildActionMask = 2147483647;
			files = (
				5FFA4E1EBE462666C7DE1DDFEF1CA16E /* Assets.xcassets in Resources */,
				AC5804E30455B67D411046479BF12534 /* ColorInfo.json in Resources */,
				DB3E10889CC158F1C9D321BB51DCDBC0 /* LaunchScreen.storyboard in Resources */,
			);
			runOnlyForDeploymentPostprocessing = 0;
		};
		C4F676BEA8DEF28EFE033C0E5F2A2FDD /* Resources */ = {
			isa = PBXResourcesBuildPhase;
			buildActionMask = 2147483647;
			files = (
				FE5D9BF31E27D5E829A126C7F352E871 /* Assets.xcassets in Resources */,
				FE41530431069BFF6DBA2F9B4A85881E /* LaunchScreen.storyboard in Resources */,
			);
			runOnlyForDeploymentPostprocessing = 0;
		};
		DB6AA0C032C3886A74AF58DD0A3B2CDD /* Resources */ = {
			isa = PBXResourcesBuildPhase;
			buildActionMask = 2147483647;
			files = (
				B022690553EF383AA3F99B7A9273CD4E /* Assets.xcassets in Resources */,
				E436590FC4A86EF98455135BA66155B1 /* LaunchScreen.storyboard in Resources */,
			);
			runOnlyForDeploymentPostprocessing = 0;
		};
/* End PBXResourcesBuildPhase section */

/* Begin PBXShellScriptBuildPhase section */
		04D1A585554E74205DC04C9BDF13CA67 /* Run Swiftlint */ = {
			isa = PBXShellScriptBuildPhase;
			buildActionMask = 2147483647;
			files = (
			);
			inputFileListPaths = (
			);
			inputPaths = (
			);
			name = "Run Swiftlint";
			outputFileListPaths = (
			);
			outputPaths = (
			);
			runOnlyForDeploymentPostprocessing = 0;
			shellPath = /bin/sh;
			shellScript = "\"${PODS_ROOT}/SwiftLint/swiftlint\"\n";
		};
		14D91A1468550DE20F294396A7545450 /* [CP] Check Pods Manifest.lock */ = {
			isa = PBXShellScriptBuildPhase;
			buildActionMask = 2147483647;
			files = (
			);
			inputFileListPaths = (
			);
			inputPaths = (
				"${PODS_PODFILE_DIR_PATH}/Podfile.lock",
				"${PODS_ROOT}/Manifest.lock",
			);
			name = "[CP] Check Pods Manifest.lock";
			outputFileListPaths = (
			);
			outputPaths = (
				"$(DERIVED_FILE_DIR)/Pods-Showcase-checkManifestLockResult.txt",
			);
			runOnlyForDeploymentPostprocessing = 0;
			shellPath = /bin/sh;
			shellScript = "diff \"${PODS_PODFILE_DIR_PATH}/Podfile.lock\" \"${PODS_ROOT}/Manifest.lock\" > /dev/null\nif [ $? != 0 ] ; then\n    # print error to STDERR\n    echo \"error: The sandbox is not in sync with the Podfile.lock. Run 'pod install' or update your CocoaPods installation.\" >&2\n    exit 1\nfi\n# This output is used by Xcode 'outputs' to avoid re-running this script phase.\necho \"SUCCESS\" > \"${SCRIPT_OUTPUT_FILE_0}\"\n";
			showEnvVarsInLog = 0;
		};
		3208FD0E714C66F00E9C8B0917B2B1E6 /* [CP] Embed Pods Frameworks */ = {
			isa = PBXShellScriptBuildPhase;
			buildActionMask = 2147483647;
			files = (
			);
			inputFileListPaths = (
				"${PODS_ROOT}/Target Support Files/Pods-Showcase/Pods-Showcase-frameworks-${CONFIGURATION}-input-files.xcfilelist",
			);
			name = "[CP] Embed Pods Frameworks";
			outputFileListPaths = (
				"${PODS_ROOT}/Target Support Files/Pods-Showcase/Pods-Showcase-frameworks-${CONFIGURATION}-output-files.xcfilelist",
			);
			runOnlyForDeploymentPostprocessing = 0;
			shellPath = /bin/sh;
			shellScript = "\"${PODS_ROOT}/Target Support Files/Pods-Showcase/Pods-Showcase-frameworks.sh\"\n";
			showEnvVarsInLog = 0;
		};
		5122CA5F3C8D91C25B229091F65DB24A /* [CP] Embed Pods Frameworks */ = {
			isa = PBXShellScriptBuildPhase;
			buildActionMask = 2147483647;
			files = (
			);
			inputFileListPaths = (
				"${PODS_ROOT}/Target Support Files/Pods-TextAttachmentLab/Pods-TextAttachmentLab-frameworks-${CONFIGURATION}-input-files.xcfilelist",
			);
			name = "[CP] Embed Pods Frameworks";
			outputFileListPaths = (
				"${PODS_ROOT}/Target Support Files/Pods-TextAttachmentLab/Pods-TextAttachmentLab-frameworks-${CONFIGURATION}-output-files.xcfilelist",
			);
			runOnlyForDeploymentPostprocessing = 0;
			shellPath = /bin/sh;
			shellScript = "\"${PODS_ROOT}/Target Support Files/Pods-TextAttachmentLab/Pods-TextAttachmentLab-frameworks.sh\"\n";
			showEnvVarsInLog = 0;
		};
		51FEA1A6892B7C520051DD38350B312E /* [CP] Check Pods Manifest.lock */ = {
			isa = PBXShellScriptBuildPhase;
			buildActionMask = 2147483647;
			files = (
			);
			inputPaths = (
				"${PODS_PODFILE_DIR_PATH}/Podfile.lock",
				"${PODS_ROOT}/Manifest.lock",
			);
			name = "[CP] Check Pods Manifest.lock";
			outputPaths = (
				"$(DERIVED_FILE_DIR)/Pods-NumberInputField-checkManifestLockResult.txt",
			);
			runOnlyForDeploymentPostprocessing = 0;
			shellPath = /bin/sh;
			shellScript = "diff \"${PODS_PODFILE_DIR_PATH}/Podfile.lock\" \"${PODS_ROOT}/Manifest.lock\" > /dev/null\nif [ $? != 0 ] ; then\n    # print error to STDERR\n    echo \"error: The sandbox is not in sync with the Podfile.lock. Run 'pod install' or update your CocoaPods installation.\" >&2\n    exit 1\nfi\n# This output is used by Xcode 'outputs' to avoid re-running this script phase.\necho \"SUCCESS\" > \"${SCRIPT_OUTPUT_FILE_0}\"\n";
			showEnvVarsInLog = 0;
		};
		70963E8729E439896FC517818424E1FC /* [CP] Embed Pods Frameworks */ = {
			isa = PBXShellScriptBuildPhase;
			buildActionMask = 2147483647;
			files = (
			);
			inputFileListPaths = (
				"${PODS_ROOT}/Target Support Files/Pods-LabelCollection/Pods-LabelCollection-frameworks-${CONFIGURATION}-input-files.xcfilelist",
			);
			name = "[CP] Embed Pods Frameworks";
			outputFileListPaths = (
				"${PODS_ROOT}/Target Support Files/Pods-LabelCollection/Pods-LabelCollection-frameworks-${CONFIGURATION}-output-files.xcfilelist",
			);
			runOnlyForDeploymentPostprocessing = 0;
			shellPath = /bin/sh;
			shellScript = "\"${PODS_ROOT}/Target Support Files/Pods-LabelCollection/Pods-LabelCollection-frameworks.sh\"\n";
			showEnvVarsInLog = 0;
		};
		876DC3B5131CE0650B16EC59D73CDF6E /* [CP] Check Pods Manifest.lock */ = {
			isa = PBXShellScriptBuildPhase;
			buildActionMask = 2147483647;
			files = (
			);
			inputFileListPaths = (
			);
			inputPaths = (
				"${PODS_PODFILE_DIR_PATH}/Podfile.lock",
				"${PODS_ROOT}/Manifest.lock",
			);
			name = "[CP] Check Pods Manifest.lock";
			outputFileListPaths = (
			);
			outputPaths = (
				"$(DERIVED_FILE_DIR)/Pods-NestedStack-checkManifestLockResult.txt",
			);
			runOnlyForDeploymentPostprocessing = 0;
			shellPath = /bin/sh;
			shellScript = "diff \"${PODS_PODFILE_DIR_PATH}/Podfile.lock\" \"${PODS_ROOT}/Manifest.lock\" > /dev/null\nif [ $? != 0 ] ; then\n    # print error to STDERR\n    echo \"error: The sandbox is not in sync with the Podfile.lock. Run 'pod install' or update your CocoaPods installation.\" >&2\n    exit 1\nfi\n# This output is used by Xcode 'outputs' to avoid re-running this script phase.\necho \"SUCCESS\" > \"${SCRIPT_OUTPUT_FILE_0}\"\n";
			showEnvVarsInLog = 0;
		};
		92F3A799D470EA9350109B83156E000E /* [CP] Check Pods Manifest.lock */ = {
			isa = PBXShellScriptBuildPhase;
			buildActionMask = 2147483647;
			files = (
			);
			inputPaths = (
				"${PODS_PODFILE_DIR_PATH}/Podfile.lock",
				"${PODS_ROOT}/Manifest.lock",
			);
			name = "[CP] Check Pods Manifest.lock";
			outputPaths = (
				"$(DERIVED_FILE_DIR)/Pods-LocalizedNumberInputField-checkManifestLockResult.txt",
			);
			runOnlyForDeploymentPostprocessing = 0;
			shellPath = /bin/sh;
			shellScript = "diff \"${PODS_PODFILE_DIR_PATH}/Podfile.lock\" \"${PODS_ROOT}/Manifest.lock\" > /dev/null\nif [ $? != 0 ] ; then\n    # print error to STDERR\n    echo \"error: The sandbox is not in sync with the Podfile.lock. Run 'pod install' or update your CocoaPods installation.\" >&2\n    exit 1\nfi\n# This output is used by Xcode 'outputs' to avoid re-running this script phase.\necho \"SUCCESS\" > \"${SCRIPT_OUTPUT_FILE_0}\"\n";
			showEnvVarsInLog = 0;
		};
		B63A94F0B2F141A041DC72605616CBC3 /* [CP] Check Pods Manifest.lock */ = {
			isa = PBXShellScriptBuildPhase;
			buildActionMask = 2147483647;
			files = (
			);
			inputFileListPaths = (
			);
			inputPaths = (
				"${PODS_PODFILE_DIR_PATH}/Podfile.lock",
				"${PODS_ROOT}/Manifest.lock",
			);
			name = "[CP] Check Pods Manifest.lock";
			outputFileListPaths = (
			);
			outputPaths = (
				"$(DERIVED_FILE_DIR)/Pods-TextAttachmentLab-checkManifestLockResult.txt",
			);
			runOnlyForDeploymentPostprocessing = 0;
			shellPath = /bin/sh;
			shellScript = "diff \"${PODS_PODFILE_DIR_PATH}/Podfile.lock\" \"${PODS_ROOT}/Manifest.lock\" > /dev/null\nif [ $? != 0 ] ; then\n    # print error to STDERR\n    echo \"error: The sandbox is not in sync with the Podfile.lock. Run 'pod install' or update your CocoaPods installation.\" >&2\n    exit 1\nfi\n# This output is used by Xcode 'outputs' to avoid re-running this script phase.\necho \"SUCCESS\" > \"${SCRIPT_OUTPUT_FILE_0}\"\n";
			showEnvVarsInLog = 0;
		};
		BE8C080D67990F532504425F44293244 /* [CP] Embed Pods Frameworks */ = {
			isa = PBXShellScriptBuildPhase;
			buildActionMask = 2147483647;
			files = (
			);
			inputFileListPaths = (
				"${PODS_ROOT}/Target Support Files/Pods-NumberInputField/Pods-NumberInputField-frameworks-${CONFIGURATION}-input-files.xcfilelist",
			);
			name = "[CP] Embed Pods Frameworks";
			outputFileListPaths = (
				"${PODS_ROOT}/Target Support Files/Pods-NumberInputField/Pods-NumberInputField-frameworks-${CONFIGURATION}-output-files.xcfilelist",
			);
			runOnlyForDeploymentPostprocessing = 0;
			shellPath = /bin/sh;
			shellScript = "\"${PODS_ROOT}/Target Support Files/Pods-NumberInputField/Pods-NumberInputField-frameworks.sh\"\n";
			showEnvVarsInLog = 0;
		};
		C8E1CFE87587303BF9B37A12F4D9D13D /* [CP] Embed Pods Frameworks */ = {
			isa = PBXShellScriptBuildPhase;
			buildActionMask = 2147483647;
			files = (
			);
			inputFileListPaths = (
				"${PODS_ROOT}/Target Support Files/Pods-NestedStack/Pods-NestedStack-frameworks-${CONFIGURATION}-input-files.xcfilelist",
			);
			name = "[CP] Embed Pods Frameworks";
			outputFileListPaths = (
				"${PODS_ROOT}/Target Support Files/Pods-NestedStack/Pods-NestedStack-frameworks-${CONFIGURATION}-output-files.xcfilelist",
			);
			runOnlyForDeploymentPostprocessing = 0;
			shellPath = /bin/sh;
			shellScript = "\"${PODS_ROOT}/Target Support Files/Pods-NestedStack/Pods-NestedStack-frameworks.sh\"\n";
			showEnvVarsInLog = 0;
		};
		D9EB65CA5B6EF99F274CF7449DA3506F /* [CP] Check Pods Manifest.lock */ = {
			isa = PBXShellScriptBuildPhase;
			buildActionMask = 2147483647;
			files = (
			);
			inputFileListPaths = (
			);
			inputPaths = (
				"${PODS_PODFILE_DIR_PATH}/Podfile.lock",
				"${PODS_ROOT}/Manifest.lock",
			);
			name = "[CP] Check Pods Manifest.lock";
			outputFileListPaths = (
			);
			outputPaths = (
				"$(DERIVED_FILE_DIR)/Pods-LabelCollection-checkManifestLockResult.txt",
			);
			runOnlyForDeploymentPostprocessing = 0;
			shellPath = /bin/sh;
			shellScript = "diff \"${PODS_PODFILE_DIR_PATH}/Podfile.lock\" \"${PODS_ROOT}/Manifest.lock\" > /dev/null\nif [ $? != 0 ] ; then\n    # print error to STDERR\n    echo \"error: The sandbox is not in sync with the Podfile.lock. Run 'pod install' or update your CocoaPods installation.\" >&2\n    exit 1\nfi\n# This output is used by Xcode 'outputs' to avoid re-running this script phase.\necho \"SUCCESS\" > \"${SCRIPT_OUTPUT_FILE_0}\"\n";
			showEnvVarsInLog = 0;
		};
		F6D9E25CB1C0A981C698278B235D2FDF /* [CP] Embed Pods Frameworks */ = {
			isa = PBXShellScriptBuildPhase;
			buildActionMask = 2147483647;
			files = (
			);
			inputFileListPaths = (
				"${PODS_ROOT}/Target Support Files/Pods-LocalizedNumberInputField/Pods-LocalizedNumberInputField-frameworks-${CONFIGURATION}-input-files.xcfilelist",
			);
			name = "[CP] Embed Pods Frameworks";
			outputFileListPaths = (
				"${PODS_ROOT}/Target Support Files/Pods-LocalizedNumberInputField/Pods-LocalizedNumberInputField-frameworks-${CONFIGURATION}-output-files.xcfilelist",
			);
			runOnlyForDeploymentPostprocessing = 0;
			shellPath = /bin/sh;
			shellScript = "\"${PODS_ROOT}/Target Support Files/Pods-LocalizedNumberInputField/Pods-LocalizedNumberInputField-frameworks.sh\"\n";
			showEnvVarsInLog = 0;
		};
/* End PBXShellScriptBuildPhase section */

/* Begin PBXSourcesBuildPhase section */
		02E2385FA6813B9E0EE7008B5BBB9A1F /* Sources */ = {
			isa = PBXSourcesBuildPhase;
			buildActionMask = 2147483647;
			files = (
				D7E2F68BD6B2150FC1A3BD3D4A3A6D6D /* AppDelegate.swift in Sources */,
				113CB964AAC752F83C3FF0963C2204E6 /* MainViewController.swift in Sources */,
				56340C3550A7635549CF65B261CED64A /* RootViewController.swift in Sources */,
			);
			runOnlyForDeploymentPostprocessing = 0;
		};
		2325C8C895CDB13802FED9A337B48A8D /* Sources */ = {
			isa = PBXSourcesBuildPhase;
			buildActionMask = 2147483647;
			files = (
				569BC48AB8771B66EC165131C0635733 /* AppDelegate.swift in Sources */,
				4661D8D43987E383D2DD85C0A8073B26 /* MainViewController.swift in Sources */,
				7EACAB0AA298E704663A64A597F46B18 /* NumberFieldView.swift in Sources */,
				B8EDC52455994F8601F25266FCF2183E /* RootViewController.swift in Sources */,
			);
			runOnlyForDeploymentPostprocessing = 0;
		};
		872230261FD8F660F5F8B57132A57235 /* Sources */ = {
			isa = PBXSourcesBuildPhase;
			buildActionMask = 2147483647;
			files = (
				2B2656A027E68CB2B66C93243DC417B0 /* AppDelegate.swift in Sources */,
				1C67C5F8840771385D6115CA9BE98515 /* MainViewController.swift in Sources */,
				E61E8E5EC961983E9EBDCCEDE91BFCA3 /* Resource.swift in Sources */,
				2A3A6988EA6552494356BAB44012C95A /* RootViewController.swift in Sources */,
				0DD9786A83FC0A51384E58AF2B7533EB /* UIColorExtension.swift in Sources */,
				4AD1ADA8D3847E9B3EC19CF9265A090B /* UIImageExtension.swift in Sources */,
				4F3C52C8C20ACB46824363ED87E61072 /* URLImageTextAttachment.swift in Sources */,
			);
			runOnlyForDeploymentPostprocessing = 0;
		};
		B47905446198F0CCEFF8B5982C483F1D /* Sources */ = {
			isa = PBXSourcesBuildPhase;
			buildActionMask = 2147483647;
			files = (
				0A9C9B0515E2B9AE4D3130E523CE5CBA /* AppDelegate.swift in Sources */,
				576127CA38CC57BA1357CCEDE6187DE4 /* FlowingTextDemoViewController.swift in Sources */,
				C223D24DDDDE3DB7418E380E82B29A5B /* FlowingTextShowcase.swift in Sources */,
				40E32B9D7C8367E495109A0729C48773 /* FlowingTextView.swift in Sources */,
				5E4009E1F591FB67CCD4D77C7D8B98F5 /* HelloViewController.swift in Sources */,
				CE231A1CD75C6EFA175FDBFC87C4F7CC /* HellowShowcase.swift in Sources */,
				F012375D0AFFF89E6CC8D49983ED6B3A /* NavigationController.swift in Sources */,
				1DFC51A5EBE25561CA40B04F7656D7DB /* RootViewController.swift in Sources */,
				7B468904B8FB505098EE761A7506C74F /* Showcase.swift in Sources */,
				04311821CB91F1AFFD870F0915D100F9 /* ShowcaseTableViewCell.swift in Sources */,
				648D83BCA05279D517C89899E5FF3742 /* ShowcaseTableViewController.swift in Sources */,
			);
			runOnlyForDeploymentPostprocessing = 0;
		};
		E59BA160120D2D2CD1B0FBF3B3CBC47F /* Sources */ = {
			isa = PBXSourcesBuildPhase;
			buildActionMask = 2147483647;
			files = (
				ACEA4C982A98C1C9401C9D0B8B680306 /* AppDelegate.swift in Sources */,
				08423F791CC30937CD766C7A3307CB06 /* LabelCollectionView.swift in Sources */,
				A1D3A916FA7A854CB7CDAC59AE6B443A /* MainViewController.swift in Sources */,
				9F17A42A339B5F9760497650D8308180 /* RootViewController.swift in Sources */,
			);
			runOnlyForDeploymentPostprocessing = 0;
		};
		FEC1A4A2210C14BA402C2E003FE639E9 /* Sources */ = {
			isa = PBXSourcesBuildPhase;
			buildActionMask = 2147483647;
			files = (
				1E3F4F8CBCE1EE1BFA850D274E3A3A2D /* AppDelegate.swift in Sources */,
				202618CC3FCE4DB264417B8C3FF8A160 /* ColorInfo.swift in Sources */,
				3229A57CB0676DAC19DF87936BF34D98 /* LabeledSwitch.swift in Sources */,
				3A85E56452B1C8541457F3E4C16558F9 /* MainViewController.swift in Sources */,
				802716627C22A41E872432EB44D653ED /* RootViewController.swift in Sources */,
			);
			runOnlyForDeploymentPostprocessing = 0;
		};
/* End PBXSourcesBuildPhase section */

/* Begin PBXVariantGroup section */
		F254C26CDC8DC39F0787FE7CAA6F0732 /* LaunchScreen.storyboard */ = {
			isa = PBXVariantGroup;
			children = (
				2AE43C7D2857009E1C9FA276365C56C6 /* Base */,
			);
			name = LaunchScreen.storyboard;
			sourceTree = "<group>";
		};
/* End PBXVariantGroup section */

/* Begin XCBuildConfiguration section */
		132CCDD074FE41DBA7C39B6173106FBD /* Release */ = {
			isa = XCBuildConfiguration;
			baseConfigurationReference = E8845D9835A85AE2A503AA23AB4BF805 /* Pods-Showcase.release.xcconfig */;
			buildSettings = {
				ASSETCATALOG_COMPILER_APPICON_NAME = AppIcon;
				CODE_SIGN_STYLE = Automatic;
				DEVELOPMENT_TEAM = 8VEJUBZ828;
				INFOPLIST_FILE = Showcase/Info.plist;
				LD_RUNPATH_SEARCH_PATHS = (
					"$(inherited)",
					"@executable_path/Frameworks",
				);
				MTL_FAST_MATH = YES;
				PRODUCT_BUNDLE_IDENTIFIER = io.github.soharu.Showcase;
				PRODUCT_NAME = "$(TARGET_NAME)";
				SWIFT_VERSION = 5.0;
				TARGETED_DEVICE_FAMILY = "1,2";
			};
			name = Release;
		};
		2FB7489F9CC29E5807FDC807D21E376D /* Release */ = {
			isa = XCBuildConfiguration;
			baseConfigurationReference = 4F6C0B59A6216B447290F5B10506EA0B /* Pods-LabelCollection.release.xcconfig */;
			buildSettings = {
				ASSETCATALOG_COMPILER_APPICON_NAME = AppIcon;
				CODE_SIGN_STYLE = Automatic;
				INFOPLIST_FILE = LabelCollection/Info.plist;
				LD_RUNPATH_SEARCH_PATHS = (
					"$(inherited)",
					"@executable_path/Frameworks",
				);
				MTL_FAST_MATH = YES;
				PRODUCT_BUNDLE_IDENTIFIER = io.github.soharu.LabelCollection;
				PRODUCT_NAME = "$(TARGET_NAME)";
				SWIFT_VERSION = 5.0;
				TARGETED_DEVICE_FAMILY = "1,2";
			};
			name = Release;
		};
		8C2221C873804F7EE97C9717A3DB25CF /* Debug */ = {
			isa = XCBuildConfiguration;
			baseConfigurationReference = 1523389A07614912075414E7FCA09A81 /* Pods-TextAttachmentLab.debug.xcconfig */;
			buildSettings = {
				ASSETCATALOG_COMPILER_APPICON_NAME = AppIcon;
				CODE_SIGN_STYLE = Automatic;
				INFOPLIST_FILE = TextAttachmentLab/Info.plist;
				LD_RUNPATH_SEARCH_PATHS = (
					"$(inherited)",
					"@executable_path/Frameworks",
				);
				MTL_ENABLE_DEBUG_INFO = INCLUDE_SOURCE;
				MTL_FAST_MATH = YES;
				PRODUCT_BUNDLE_IDENTIFIER = io.github.soharu.TextAttachmentLab;
				PRODUCT_NAME = "$(TARGET_NAME)";
				SWIFT_VERSION = 5.0;
				TARGETED_DEVICE_FAMILY = "1,2";
			};
			name = Debug;
		};
		962D2A079B753F9608DB0D88F8D6BA73 /* Debug */ = {
			isa = XCBuildConfiguration;
			buildSettings = {
				ALWAYS_SEARCH_USER_PATHS = NO;
				CLANG_ANALYZER_NONNULL = YES;
				CLANG_ANALYZER_NUMBER_OBJECT_CONVERSION = YES_AGGRESSIVE;
				CLANG_CXX_LANGUAGE_STANDARD = "gnu++14";
				CLANG_CXX_LIBRARY = "libc++";
				CLANG_ENABLE_MODULES = YES;
				CLANG_ENABLE_OBJC_ARC = YES;
				CLANG_ENABLE_OBJC_WEAK = YES;
				CLANG_WARN_BLOCK_CAPTURE_AUTORELEASING = YES;
				CLANG_WARN_BOOL_CONVERSION = YES;
				CLANG_WARN_COMMA = YES;
				CLANG_WARN_CONSTANT_CONVERSION = YES;
				CLANG_WARN_DEPRECATED_OBJC_IMPLEMENTATIONS = YES;
				CLANG_WARN_DIRECT_OBJC_ISA_USAGE = YES_ERROR;
				CLANG_WARN_DOCUMENTATION_COMMENTS = YES;
				CLANG_WARN_EMPTY_BODY = YES;
				CLANG_WARN_ENUM_CONVERSION = YES;
				CLANG_WARN_INFINITE_RECURSION = YES;
				CLANG_WARN_INT_CONVERSION = YES;
				CLANG_WARN_NON_LITERAL_NULL_CONVERSION = YES;
				CLANG_WARN_OBJC_IMPLICIT_RETAIN_SELF = YES;
				CLANG_WARN_OBJC_LITERAL_CONVERSION = YES;
				CLANG_WARN_OBJC_ROOT_CLASS = YES_ERROR;
				CLANG_WARN_RANGE_LOOP_ANALYSIS = YES;
				CLANG_WARN_STRICT_PROTOTYPES = YES;
				CLANG_WARN_SUSPICIOUS_MOVE = YES;
				CLANG_WARN_UNGUARDED_AVAILABILITY = YES_AGGRESSIVE;
				CLANG_WARN_UNREACHABLE_CODE = YES;
				CLANG_WARN__DUPLICATE_METHOD_MATCH = YES;
				CODE_SIGN_IDENTITY = "iPhone Developer";
				COPY_PHASE_STRIP = NO;
				DEBUG_INFORMATION_FORMAT = dwarf;
				ENABLE_STRICT_OBJC_MSGSEND = YES;
				ENABLE_TESTABILITY = YES;
				GCC_C_LANGUAGE_STANDARD = gnu11;
				GCC_DYNAMIC_NO_PIC = NO;
				GCC_NO_COMMON_BLOCKS = YES;
				GCC_OPTIMIZATION_LEVEL = 0;
				GCC_PREPROCESSOR_DEFINITIONS = (
					"DEBUG=1",
					"$(inherited)",
				);
				GCC_WARN_64_TO_32_BIT_CONVERSION = YES;
				GCC_WARN_ABOUT_RETURN_TYPE = YES_ERROR;
				GCC_WARN_UNDECLARED_SELECTOR = YES;
				GCC_WARN_UNINITIALIZED_AUTOS = YES_AGGRESSIVE;
				GCC_WARN_UNUSED_FUNCTION = YES;
				GCC_WARN_UNUSED_VARIABLE = YES;
				IPHONEOS_DEPLOYMENT_TARGET = 11.0;
				MTL_ENABLE_DEBUG_INFO = YES;
				ONLY_ACTIVE_ARCH = YES;
				SDKROOT = iphoneos;
				SWIFT_ACTIVE_COMPILATION_CONDITIONS = DEBUG;
				SWIFT_OPTIMIZATION_LEVEL = "-Onone";
			};
			name = Debug;
		};
		9BD1ACEA1DA4532DBBCAE2A7086655CB /* Debug */ = {
			isa = XCBuildConfiguration;
			baseConfigurationReference = F41C8A3D64FA86C84E983B0A8F4F7AA8 /* Pods-Showcase.debug.xcconfig */;
			buildSettings = {
				ASSETCATALOG_COMPILER_APPICON_NAME = AppIcon;
				CODE_SIGN_STYLE = Automatic;
				DEVELOPMENT_TEAM = 8VEJUBZ828;
				INFOPLIST_FILE = Showcase/Info.plist;
				LD_RUNPATH_SEARCH_PATHS = (
					"$(inherited)",
					"@executable_path/Frameworks",
				);
				MTL_ENABLE_DEBUG_INFO = INCLUDE_SOURCE;
				MTL_FAST_MATH = YES;
				PRODUCT_BUNDLE_IDENTIFIER = io.github.soharu.Showcase;
				PRODUCT_NAME = "$(TARGET_NAME)";
				SWIFT_VERSION = 5.0;
				TARGETED_DEVICE_FAMILY = "1,2";
			};
			name = Debug;
		};
		9D113939C4CD06FB9CD40A6824F2118D /* Release */ = {
			isa = XCBuildConfiguration;
			buildSettings = {
				ALWAYS_SEARCH_USER_PATHS = NO;
				CLANG_ANALYZER_NONNULL = YES;
				CLANG_ANALYZER_NUMBER_OBJECT_CONVERSION = YES_AGGRESSIVE;
				CLANG_CXX_LANGUAGE_STANDARD = "gnu++14";
				CLANG_CXX_LIBRARY = "libc++";
				CLANG_ENABLE_MODULES = YES;
				CLANG_ENABLE_OBJC_ARC = YES;
				CLANG_ENABLE_OBJC_WEAK = YES;
				CLANG_WARN_BLOCK_CAPTURE_AUTORELEASING = YES;
				CLANG_WARN_BOOL_CONVERSION = YES;
				CLANG_WARN_COMMA = YES;
				CLANG_WARN_CONSTANT_CONVERSION = YES;
				CLANG_WARN_DEPRECATED_OBJC_IMPLEMENTATIONS = YES;
				CLANG_WARN_DIRECT_OBJC_ISA_USAGE = YES_ERROR;
				CLANG_WARN_DOCUMENTATION_COMMENTS = YES;
				CLANG_WARN_EMPTY_BODY = YES;
				CLANG_WARN_ENUM_CONVERSION = YES;
				CLANG_WARN_INFINITE_RECURSION = YES;
				CLANG_WARN_INT_CONVERSION = YES;
				CLANG_WARN_NON_LITERAL_NULL_CONVERSION = YES;
				CLANG_WARN_OBJC_IMPLICIT_RETAIN_SELF = YES;
				CLANG_WARN_OBJC_LITERAL_CONVERSION = YES;
				CLANG_WARN_OBJC_ROOT_CLASS = YES_ERROR;
				CLANG_WARN_RANGE_LOOP_ANALYSIS = YES;
				CLANG_WARN_STRICT_PROTOTYPES = YES;
				CLANG_WARN_SUSPICIOUS_MOVE = YES;
				CLANG_WARN_UNGUARDED_AVAILABILITY = YES_AGGRESSIVE;
				CLANG_WARN_UNREACHABLE_CODE = YES;
				CLANG_WARN__DUPLICATE_METHOD_MATCH = YES;
				CODE_SIGN_IDENTITY = "iPhone Developer";
				COPY_PHASE_STRIP = NO;
				DEBUG_INFORMATION_FORMAT = "dwarf-with-dsym";
				ENABLE_NS_ASSERTIONS = NO;
				ENABLE_STRICT_OBJC_MSGSEND = YES;
				GCC_C_LANGUAGE_STANDARD = gnu11;
				GCC_NO_COMMON_BLOCKS = YES;
				GCC_WARN_64_TO_32_BIT_CONVERSION = YES;
				GCC_WARN_ABOUT_RETURN_TYPE = YES_ERROR;
				GCC_WARN_UNDECLARED_SELECTOR = YES;
				GCC_WARN_UNINITIALIZED_AUTOS = YES_AGGRESSIVE;
				GCC_WARN_UNUSED_FUNCTION = YES;
				GCC_WARN_UNUSED_VARIABLE = YES;
				IPHONEOS_DEPLOYMENT_TARGET = 11.0;
				MTL_ENABLE_DEBUG_INFO = NO;
				SDKROOT = iphoneos;
				SWIFT_COMPILATION_MODE = wholemodule;
				SWIFT_OPTIMIZATION_LEVEL = "-O";
				VALIDATE_PRODUCT = YES;
			};
			name = Release;
		};
		A94AFCB677B0E9F5FFB49547EA75B893 /* Debug */ = {
			isa = XCBuildConfiguration;
			baseConfigurationReference = 6B661443C13B4001B0B296E409BEBE7C /* Pods-LabelCollection.debug.xcconfig */;
			buildSettings = {
				ASSETCATALOG_COMPILER_APPICON_NAME = AppIcon;
				CODE_SIGN_STYLE = Automatic;
				INFOPLIST_FILE = LabelCollection/Info.plist;
				LD_RUNPATH_SEARCH_PATHS = (
					"$(inherited)",
					"@executable_path/Frameworks",
				);
				MTL_ENABLE_DEBUG_INFO = INCLUDE_SOURCE;
				MTL_FAST_MATH = YES;
				PRODUCT_BUNDLE_IDENTIFIER = io.github.soharu.LabelCollection;
				PRODUCT_NAME = "$(TARGET_NAME)";
				SWIFT_VERSION = 5.0;
				TARGETED_DEVICE_FAMILY = "1,2";
			};
			name = Debug;
		};
		B8EAB00081E720695E373415F6F09981 /* Debug */ = {
			isa = XCBuildConfiguration;
			baseConfigurationReference = F6A55E78A702B3F60F2A4D562DFCC6B1 /* Pods-NumberInputField.debug.xcconfig */;
			buildSettings = {
				ASSETCATALOG_COMPILER_APPICON_NAME = AppIcon;
				CODE_SIGN_STYLE = Automatic;
				DEVELOPMENT_TEAM = 8VEJUBZ828;
				INFOPLIST_FILE = NumberInputField/Info.plist;
				LD_RUNPATH_SEARCH_PATHS = (
					"$(inherited)",
					"@executable_path/Frameworks",
				);
				PRODUCT_BUNDLE_IDENTIFIER = com.soharuart.NumberInputField;
				PRODUCT_NAME = "$(TARGET_NAME)";
				SWIFT_VERSION = 5.0;
				TARGETED_DEVICE_FAMILY = "1,2";
			};
			name = Debug;
		};
		B9C23CA0BF83997031830093230CE343 /* Release */ = {
			isa = XCBuildConfiguration;
			baseConfigurationReference = DE52BF2C3F1DC4177577E5390FE29DCA /* Pods-NumberInputField.release.xcconfig */;
			buildSettings = {
				ASSETCATALOG_COMPILER_APPICON_NAME = AppIcon;
				CODE_SIGN_STYLE = Automatic;
				DEVELOPMENT_TEAM = 8VEJUBZ828;
				INFOPLIST_FILE = NumberInputField/Info.plist;
				LD_RUNPATH_SEARCH_PATHS = (
					"$(inherited)",
					"@executable_path/Frameworks",
				);
				PRODUCT_BUNDLE_IDENTIFIER = com.soharuart.NumberInputField;
				PRODUCT_NAME = "$(TARGET_NAME)";
				SWIFT_VERSION = 5.0;
				TARGETED_DEVICE_FAMILY = "1,2";
			};
			name = Release;
		};
		C7F6E62250D1E516A7EA9E3186DDA72A /* Debug */ = {
			isa = XCBuildConfiguration;
			baseConfigurationReference = A6615405AC973BD395E911357DD758CF /* Pods-NestedStack.debug.xcconfig */;
			buildSettings = {
				ASSETCATALOG_COMPILER_APPICON_NAME = AppIcon;
				CODE_SIGN_STYLE = Automatic;
				INFOPLIST_FILE = NestedStack/Info.plist;
				IPHONEOS_DEPLOYMENT_TARGET = 13.0;
				LD_RUNPATH_SEARCH_PATHS = (
					"$(inherited)",
					"@executable_path/Frameworks",
				);
				MTL_ENABLE_DEBUG_INFO = INCLUDE_SOURCE;
				MTL_FAST_MATH = YES;
				PRODUCT_BUNDLE_IDENTIFIER = io.github.soharu.NestedStack;
				PRODUCT_NAME = "$(TARGET_NAME)";
				SWIFT_VERSION = 5.0;
				TARGETED_DEVICE_FAMILY = "1,2";
			};
			name = Debug;
		};
		C905B8005E2BD8B9FFABEC77AC39570C /* Release */ = {
			isa = XCBuildConfiguration;
			baseConfigurationReference = C1AACA99A3548B24824C6A064C5A9FBD /* Pods-LocalizedNumberInputField.release.xcconfig */;
			buildSettings = {
				ASSETCATALOG_COMPILER_APPICON_NAME = AppIcon;
				CODE_SIGN_STYLE = Automatic;
				DEVELOPMENT_TEAM = 8VEJUBZ828;
				INFOPLIST_FILE = LocalizedNumberInputField/Info.plist;
				LD_RUNPATH_SEARCH_PATHS = (
					"$(inherited)",
					"@executable_path/Frameworks",
				);
				PRODUCT_BUNDLE_IDENTIFIER = com.soharuart.LocalizedNumberInputField;
				PRODUCT_NAME = "$(TARGET_NAME)";
				SWIFT_VERSION = 5.0;
				TARGETED_DEVICE_FAMILY = "1,2";
			};
			name = Release;
		};
		D60B5F2928198EB811DE40F5D3EACC62 /* Release */ = {
			isa = XCBuildConfiguration;
			baseConfigurationReference = 9470B6B35BDFEF3DEA9BFB22567F679A /* Pods-NestedStack.release.xcconfig */;
			buildSettings = {
				ASSETCATALOG_COMPILER_APPICON_NAME = AppIcon;
				CODE_SIGN_STYLE = Automatic;
				INFOPLIST_FILE = NestedStack/Info.plist;
				IPHONEOS_DEPLOYMENT_TARGET = 13.0;
				LD_RUNPATH_SEARCH_PATHS = (
					"$(inherited)",
					"@executable_path/Frameworks",
				);
				MTL_FAST_MATH = YES;
				PRODUCT_BUNDLE_IDENTIFIER = io.github.soharu.NestedStack;
				PRODUCT_NAME = "$(TARGET_NAME)";
				SWIFT_VERSION = 5.0;
				TARGETED_DEVICE_FAMILY = "1,2";
			};
			name = Release;
		};
		DE7D9E59DFEA6D1D5BB0849B76DFAB95 /* Debug */ = {
			isa = XCBuildConfiguration;
			baseConfigurationReference = 362E7361B5F57614D36EED20C06E75FD /* Pods-LocalizedNumberInputField.debug.xcconfig */;
			buildSettings = {
				ASSETCATALOG_COMPILER_APPICON_NAME = AppIcon;
				CODE_SIGN_STYLE = Automatic;
				DEVELOPMENT_TEAM = 8VEJUBZ828;
				INFOPLIST_FILE = LocalizedNumberInputField/Info.plist;
				LD_RUNPATH_SEARCH_PATHS = (
					"$(inherited)",
					"@executable_path/Frameworks",
				);
				PRODUCT_BUNDLE_IDENTIFIER = com.soharuart.LocalizedNumberInputField;
				PRODUCT_NAME = "$(TARGET_NAME)";
				SWIFT_VERSION = 5.0;
				TARGETED_DEVICE_FAMILY = "1,2";
			};
			name = Debug;
		};
		E18DB59B960BA7A4894FE935CDC8FAC2 /* Release */ = {
			isa = XCBuildConfiguration;
			baseConfigurationReference = B412347758FE0299E71E7681F13CAC14 /* Pods-TextAttachmentLab.release.xcconfig */;
			buildSettings = {
				ASSETCATALOG_COMPILER_APPICON_NAME = AppIcon;
				CODE_SIGN_STYLE = Automatic;
				INFOPLIST_FILE = TextAttachmentLab/Info.plist;
				LD_RUNPATH_SEARCH_PATHS = (
					"$(inherited)",
					"@executable_path/Frameworks",
				);
				MTL_FAST_MATH = YES;
				PRODUCT_BUNDLE_IDENTIFIER = io.github.soharu.TextAttachmentLab;
				PRODUCT_NAME = "$(TARGET_NAME)";
				SWIFT_VERSION = 5.0;
				TARGETED_DEVICE_FAMILY = "1,2";
			};
			name = Release;
		};
/* End XCBuildConfiguration section */

/* Begin XCConfigurationList section */
		2B0C9A4B45D04A70E4A06986067C51A2 /* Build configuration list for PBXNativeTarget "TextAttachmentLab" */ = {
			isa = XCConfigurationList;
			buildConfigurations = (
				8C2221C873804F7EE97C9717A3DB25CF /* Debug */,
				E18DB59B960BA7A4894FE935CDC8FAC2 /* Release */,
			);
			defaultConfigurationIsVisible = 0;
			defaultConfigurationName = Release;
		};
		70F1936EA12E6BF39635B737611013FD /* Build configuration list for PBXProject "Samples" */ = {
			isa = XCConfigurationList;
			buildConfigurations = (
				962D2A079B753F9608DB0D88F8D6BA73 /* Debug */,
				9D113939C4CD06FB9CD40A6824F2118D /* Release */,
			);
			defaultConfigurationIsVisible = 0;
			defaultConfigurationName = Release;
		};
		B670F98B5DBBB354C240D4DB36DFE6F6 /* Build configuration list for PBXNativeTarget "LocalizedNumberInputField" */ = {
			isa = XCConfigurationList;
			buildConfigurations = (
				DE7D9E59DFEA6D1D5BB0849B76DFAB95 /* Debug */,
				C905B8005E2BD8B9FFABEC77AC39570C /* Release */,
			);
			defaultConfigurationIsVisible = 0;
			defaultConfigurationName = Release;
		};
		C64EB6ADE26A0DECE871BB76BC575571 /* Build configuration list for PBXNativeTarget "NestedStack" */ = {
			isa = XCConfigurationList;
			buildConfigurations = (
				C7F6E62250D1E516A7EA9E3186DDA72A /* Debug */,
				D60B5F2928198EB811DE40F5D3EACC62 /* Release */,
			);
			defaultConfigurationIsVisible = 0;
			defaultConfigurationName = Release;
		};
		E9E2FA731EA112CC739D0ADE416E17B6 /* Build configuration list for PBXNativeTarget "Showcase" */ = {
			isa = XCConfigurationList;
			buildConfigurations = (
				9BD1ACEA1DA4532DBBCAE2A7086655CB /* Debug */,
				132CCDD074FE41DBA7C39B6173106FBD /* Release */,
			);
			defaultConfigurationIsVisible = 0;
			defaultConfigurationName = Release;
		};
		EEA32E6BC3DA11370133C3C376A1B25B /* Build configuration list for PBXNativeTarget "LabelCollection" */ = {
			isa = XCConfigurationList;
			buildConfigurations = (
				A94AFCB677B0E9F5FFB49547EA75B893 /* Debug */,
				2FB7489F9CC29E5807FDC807D21E376D /* Release */,
			);
			defaultConfigurationIsVisible = 0;
			defaultConfigurationName = Release;
		};
		EF7FAE7AB4641926462E00F07F8DC49B /* Build configuration list for PBXNativeTarget "NumberInputField" */ = {
			isa = XCConfigurationList;
			buildConfigurations = (
				B8EAB00081E720695E373415F6F09981 /* Debug */,
				B9C23CA0BF83997031830093230CE343 /* Release */,
			);
			defaultConfigurationIsVisible = 0;
			defaultConfigurationName = Release;
		};
/* End XCConfigurationList section */
	};
	rootObject = DC8CD67556A0C4200602F3C1E4E2CB11 /* Project object */;
}
