// !$*UTF8*$!
{
	archiveVersion = 1;
	classes = {
	};
	objectVersion = 50;
	objects = {

/* Begin PBXBuildFile section */
		0DD9786A83FC0A51384E58AF2B7533EB /* UIColorExtension.swift in Sources */ = {isa = PBXBuildFile; fileRef = B2E3C74C5CFDF158292B0F1CB621A4D3 /* UIColorExtension.swift */; };
		113CB964AAC752F83C3FF0963C2204E6 /* MainViewController.swift in Sources */ = {isa = PBXBuildFile; fileRef = A405BE256E7879915EC83621359BF178 /* MainViewController.swift */; };
		1C67C5F8840771385D6115CA9BE98515 /* MainViewController.swift in Sources */ = {isa = PBXBuildFile; fileRef = F544449D3BE3506BA69F3E9DE6F17303 /* MainViewController.swift */; };
		2B2656A027E68CB2B66C93243DC417B0 /* AppDelegate.swift in Sources */ = {isa = PBXBuildFile; fileRef = 12FE30BADBDA1DD25855181579F1111D /* AppDelegate.swift */; };
		4661D8D43987E383D2DD85C0A8073B26 /* MainViewController.swift in Sources */ = {isa = PBXBuildFile; fileRef = 1D32F33B79B19CD5474784D8FB6D0D2B /* MainViewController.swift */; };
		4AD1ADA8D3847E9B3EC19CF9265A090B /* UIImageExtension.swift in Sources */ = {isa = PBXBuildFile; fileRef = BA6B62F696822B4243191890B8DED1E3 /* UIImageExtension.swift */; };
		4E9263A84498D5BF075B635846B6BF6E /* LaunchScreen.storyboard in Resources */ = {isa = PBXBuildFile; fileRef = F254C26CDC8DC39F0787FE7CAA6F0732 /* LaunchScreen.storyboard */; };
		569BC48AB8771B66EC165131C0635733 /* AppDelegate.swift in Sources */ = {isa = PBXBuildFile; fileRef = 12FE30BADBDA1DD25855181579F1111D /* AppDelegate.swift */; };
		5EBE071258B0E074410A9EBA767FFA5B /* Pods_NumberInputField.framework in Frameworks */ = {isa = PBXBuildFile; fileRef = 10EF9748F4A7B55F63DDFB70F13CEF5A /* Pods_NumberInputField.framework */; };
		624B46C4EE55D415F06D766D806B05F6 /* LaunchScreen.storyboard in Resources */ = {isa = PBXBuildFile; fileRef = F254C26CDC8DC39F0787FE7CAA6F0732 /* LaunchScreen.storyboard */; };
		6DFA2DEB20B7B705A88055F5D84C04AB /* Pods_Hello.framework in Frameworks */ = {isa = PBXBuildFile; fileRef = C68B779A7402BBB7572FD08BBF6200FA /* Pods_Hello.framework */; };
		7BDCDE744CC5A617424688669236F2CE /* LaunchScreen.storyboard in Resources */ = {isa = PBXBuildFile; fileRef = F254C26CDC8DC39F0787FE7CAA6F0732 /* LaunchScreen.storyboard */; };
		7CC65338049897F0CBE3FAA3C622F5D4 /* Assets.xcassets in Resources */ = {isa = PBXBuildFile; fileRef = F0A35AF2A5E0D8EEA972A88AA9D115E3 /* Assets.xcassets */; };
		ACA2608765453B52F7AB9D024CF78B74 /* MainViewController.swift in Sources */ = {isa = PBXBuildFile; fileRef = FD1B23E163BDE856B025ED348637929B /* MainViewController.swift */; };
		B022690553EF383AA3F99B7A9273CD4E /* Assets.xcassets in Resources */ = {isa = PBXBuildFile; fileRef = F0A35AF2A5E0D8EEA972A88AA9D115E3 /* Assets.xcassets */; };
		B201BC7717F5F3678023EA979C82DBF3 /* Pods_TextAttachmentLab.framework in Frameworks */ = {isa = PBXBuildFile; fileRef = 8A26FA713149FC2C891228F7FECC6D69 /* Pods_TextAttachmentLab.framework */; };
		B417180D09291D5C702DEBD5BCC10D4B /* AppDelegate.swift in Sources */ = {isa = PBXBuildFile; fileRef = 12FE30BADBDA1DD25855181579F1111D /* AppDelegate.swift */; };
		C3625863038EA8A8D5788AD0A5C2A444 /* Assets.xcassets in Resources */ = {isa = PBXBuildFile; fileRef = F0A35AF2A5E0D8EEA972A88AA9D115E3 /* Assets.xcassets */; };
		CE59FC164D1FEDAA0C21F3BD57013E3D /* Pods_LocalizedNumberInputField.framework in Frameworks */ = {isa = PBXBuildFile; fileRef = 6C341C9BFD3A3EEA43B00EC459141385 /* Pods_LocalizedNumberInputField.framework */; };
		D7E2F68BD6B2150FC1A3BD3D4A3A6D6D /* AppDelegate.swift in Sources */ = {isa = PBXBuildFile; fileRef = 12FE30BADBDA1DD25855181579F1111D /* AppDelegate.swift */; };
		E436590FC4A86EF98455135BA66155B1 /* LaunchScreen.storyboard in Resources */ = {isa = PBXBuildFile; fileRef = F254C26CDC8DC39F0787FE7CAA6F0732 /* LaunchScreen.storyboard */; };
		FE53D8454C81DEB4A24B6599AA6E53FE /* Assets.xcassets in Resources */ = {isa = PBXBuildFile; fileRef = F0A35AF2A5E0D8EEA972A88AA9D115E3 /* Assets.xcassets */; };
/* End PBXBuildFile section */

/* Begin PBXFileReference section */
		10EF9748F4A7B55F63DDFB70F13CEF5A /* Pods_NumberInputField.framework */ = {isa = PBXFileReference; explicitFileType = wrapper.framework; includeInIndex = 0; path = Pods_NumberInputField.framework; sourceTree = BUILT_PRODUCTS_DIR; };
		12FE30BADBDA1DD25855181579F1111D /* AppDelegate.swift */ = {isa = PBXFileReference; lastKnownFileType = sourcecode.swift; path = AppDelegate.swift; sourceTree = "<group>"; };
		1523389A07614912075414E7FCA09A81 /* Pods-TextAttachmentLab.debug.xcconfig */ = {isa = PBXFileReference; includeInIndex = 1; lastKnownFileType = text.xcconfig; name = "Pods-TextAttachmentLab.debug.xcconfig"; path = "Pods/Target Support Files/Pods-TextAttachmentLab/Pods-TextAttachmentLab.debug.xcconfig"; sourceTree = "<group>"; };
		1D32F33B79B19CD5474784D8FB6D0D2B /* MainViewController.swift */ = {isa = PBXFileReference; lastKnownFileType = sourcecode.swift; path = MainViewController.swift; sourceTree = "<group>"; };
		280FFA1D3FFD8BB06BBF6829677C6D7C /* TextAttachmentLab.app */ = {isa = PBXFileReference; explicitFileType = wrapper.application; includeInIndex = 0; path = TextAttachmentLab.app; sourceTree = BUILT_PRODUCTS_DIR; };
		2AE43C7D2857009E1C9FA276365C56C6 /* Base */ = {isa = PBXFileReference; lastKnownFileType = file.storyboard; name = Base; path = Base.lproj/LaunchScreen.storyboard; sourceTree = "<group>"; };
		362E7361B5F57614D36EED20C06E75FD /* Pods-LocalizedNumberInputField.debug.xcconfig */ = {isa = PBXFileReference; includeInIndex = 1; lastKnownFileType = text.xcconfig; name = "Pods-LocalizedNumberInputField.debug.xcconfig"; path = "Pods/Target Support Files/Pods-LocalizedNumberInputField/Pods-LocalizedNumberInputField.debug.xcconfig"; sourceTree = "<group>"; };
		41CF3A6CB55FFB5402D9E6988255CF7D /* LocalizedNumberInputField.app */ = {isa = PBXFileReference; explicitFileType = wrapper.application; includeInIndex = 0; path = LocalizedNumberInputField.app; sourceTree = BUILT_PRODUCTS_DIR; };
		42DA9A079D63BFD06B5045B1C2EE8DF5 /* Info.plist */ = {isa = PBXFileReference; lastKnownFileType = text.plist.xml; path = Info.plist; sourceTree = "<group>"; };
		6C341C9BFD3A3EEA43B00EC459141385 /* Pods_LocalizedNumberInputField.framework */ = {isa = PBXFileReference; explicitFileType = wrapper.framework; includeInIndex = 0; path = Pods_LocalizedNumberInputField.framework; sourceTree = BUILT_PRODUCTS_DIR; };
		82C3F8CB4F02BEA217593561C1C0968F /* Pods-Hello.debug.xcconfig */ = {isa = PBXFileReference; includeInIndex = 1; lastKnownFileType = text.xcconfig; name = "Pods-Hello.debug.xcconfig"; path = "Pods/Target Support Files/Pods-Hello/Pods-Hello.debug.xcconfig"; sourceTree = "<group>"; };
		88D0E39D325454478D151A4FB9267AB3 /* Pods_Samples.framework */ = {isa = PBXFileReference; explicitFileType = wrapper.framework; includeInIndex = 0; path = Pods_Samples.framework; sourceTree = BUILT_PRODUCTS_DIR; };
		8A26FA713149FC2C891228F7FECC6D69 /* Pods_TextAttachmentLab.framework */ = {isa = PBXFileReference; explicitFileType = wrapper.framework; includeInIndex = 0; path = Pods_TextAttachmentLab.framework; sourceTree = BUILT_PRODUCTS_DIR; };
		9262FAC6E127C0BFF3A18C15C7EE184D /* Info.plist */ = {isa = PBXFileReference; lastKnownFileType = text.plist.xml; path = Info.plist; sourceTree = "<group>"; };
		A405BE256E7879915EC83621359BF178 /* MainViewController.swift */ = {isa = PBXFileReference; lastKnownFileType = sourcecode.swift; path = MainViewController.swift; sourceTree = "<group>"; };
		B2731A07C888C7143B48CF805169A346 /* Info.plist */ = {isa = PBXFileReference; lastKnownFileType = text.plist.xml; path = Info.plist; sourceTree = "<group>"; };
		B2E3C74C5CFDF158292B0F1CB621A4D3 /* UIColorExtension.swift */ = {isa = PBXFileReference; lastKnownFileType = sourcecode.swift; path = UIColorExtension.swift; sourceTree = "<group>"; };
		B412347758FE0299E71E7681F13CAC14 /* Pods-TextAttachmentLab.release.xcconfig */ = {isa = PBXFileReference; includeInIndex = 1; lastKnownFileType = text.xcconfig; name = "Pods-TextAttachmentLab.release.xcconfig"; path = "Pods/Target Support Files/Pods-TextAttachmentLab/Pods-TextAttachmentLab.release.xcconfig"; sourceTree = "<group>"; };
		BA6B62F696822B4243191890B8DED1E3 /* UIImageExtension.swift */ = {isa = PBXFileReference; lastKnownFileType = sourcecode.swift; path = UIImageExtension.swift; sourceTree = "<group>"; };
		BEFC7E131BBD98A37E9FDB80FFEF88DA /* Hello.app */ = {isa = PBXFileReference; explicitFileType = wrapper.application; includeInIndex = 0; path = Hello.app; sourceTree = BUILT_PRODUCTS_DIR; };
		C104160D3477690D44DF9C27997EAFE4 /* Info.plist */ = {isa = PBXFileReference; lastKnownFileType = text.plist.xml; path = Info.plist; sourceTree = "<group>"; };
		C1AACA99A3548B24824C6A064C5A9FBD /* Pods-LocalizedNumberInputField.release.xcconfig */ = {isa = PBXFileReference; includeInIndex = 1; lastKnownFileType = text.xcconfig; name = "Pods-LocalizedNumberInputField.release.xcconfig"; path = "Pods/Target Support Files/Pods-LocalizedNumberInputField/Pods-LocalizedNumberInputField.release.xcconfig"; sourceTree = "<group>"; };
		C60C16387620DED69F9F4C3D772B73E1 /* Pods-Hello.release.xcconfig */ = {isa = PBXFileReference; includeInIndex = 1; lastKnownFileType = text.xcconfig; name = "Pods-Hello.release.xcconfig"; path = "Pods/Target Support Files/Pods-Hello/Pods-Hello.release.xcconfig"; sourceTree = "<group>"; };
		C68B779A7402BBB7572FD08BBF6200FA /* Pods_Hello.framework */ = {isa = PBXFileReference; explicitFileType = wrapper.framework; includeInIndex = 0; path = Pods_Hello.framework; sourceTree = BUILT_PRODUCTS_DIR; };
		D6C73203DFC67FFC66E38B96B86B1383 /* NumberInputField.app */ = {isa = PBXFileReference; explicitFileType = wrapper.application; includeInIndex = 0; path = NumberInputField.app; sourceTree = BUILT_PRODUCTS_DIR; };
		DE52BF2C3F1DC4177577E5390FE29DCA /* Pods-NumberInputField.release.xcconfig */ = {isa = PBXFileReference; includeInIndex = 1; lastKnownFileType = text.xcconfig; name = "Pods-NumberInputField.release.xcconfig"; path = "Pods/Target Support Files/Pods-NumberInputField/Pods-NumberInputField.release.xcconfig"; sourceTree = "<group>"; };
		DF3F2D14294517BD881373C78270BE71 /* README.md */ = {isa = PBXFileReference; lastKnownFileType = net.daringfireball.markdown; path = README.md; sourceTree = "<group>"; };
		F0A35AF2A5E0D8EEA972A88AA9D115E3 /* Assets.xcassets */ = {isa = PBXFileReference; lastKnownFileType = folder.assetcatalog; path = Assets.xcassets; sourceTree = "<group>"; };
		F544449D3BE3506BA69F3E9DE6F17303 /* MainViewController.swift */ = {isa = PBXFileReference; lastKnownFileType = sourcecode.swift; path = MainViewController.swift; sourceTree = "<group>"; };
		F6A55E78A702B3F60F2A4D562DFCC6B1 /* Pods-NumberInputField.debug.xcconfig */ = {isa = PBXFileReference; includeInIndex = 1; lastKnownFileType = text.xcconfig; name = "Pods-NumberInputField.debug.xcconfig"; path = "Pods/Target Support Files/Pods-NumberInputField/Pods-NumberInputField.debug.xcconfig"; sourceTree = "<group>"; };
		FD1B23E163BDE856B025ED348637929B /* MainViewController.swift */ = {isa = PBXFileReference; lastKnownFileType = sourcecode.swift; path = MainViewController.swift; sourceTree = "<group>"; };
/* End PBXFileReference section */

/* Begin PBXFrameworksBuildPhase section */
		17682DE58AEDD489835D0523AE1BC348 /* Frameworks */ = {
			isa = PBXFrameworksBuildPhase;
			buildActionMask = 2147483647;
			files = (
				B201BC7717F5F3678023EA979C82DBF3 /* Pods_TextAttachmentLab.framework in Frameworks */,
			);
			runOnlyForDeploymentPostprocessing = 0;
		};
		48016374409997E4275043D5C4F460C4 /* Frameworks */ = {
			isa = PBXFrameworksBuildPhase;
			buildActionMask = 2147483647;
			files = (
				6DFA2DEB20B7B705A88055F5D84C04AB /* Pods_Hello.framework in Frameworks */,
			);
			runOnlyForDeploymentPostprocessing = 0;
		};
		A10E18B9E398CBC46FA14AAEF9BC2B5A /* Frameworks */ = {
			isa = PBXFrameworksBuildPhase;
			buildActionMask = 2147483647;
			files = (
				5EBE071258B0E074410A9EBA767FFA5B /* Pods_NumberInputField.framework in Frameworks */,
			);
			runOnlyForDeploymentPostprocessing = 0;
		};
		F9C01000B35F8A7835DA4AF997874716 /* Frameworks */ = {
			isa = PBXFrameworksBuildPhase;
			buildActionMask = 2147483647;
			files = (
				CE59FC164D1FEDAA0C21F3BD57013E3D /* Pods_LocalizedNumberInputField.framework in Frameworks */,
			);
			runOnlyForDeploymentPostprocessing = 0;
		};
/* End PBXFrameworksBuildPhase section */

/* Begin PBXGroup section */
		086895FB852D8ABE2C2CD7E55B29ADC8 /* LocalizedNumberInputField */ = {
			isa = PBXGroup;
			children = (
				B2731A07C888C7143B48CF805169A346 /* Info.plist */,
				1D32F33B79B19CD5474784D8FB6D0D2B /* MainViewController.swift */,
			);
			path = LocalizedNumberInputField;
			sourceTree = "<group>";
		};
		103757059FF9EEB559F0098D12F41D96 /* Products */ = {
			isa = PBXGroup;
			children = (
				BEFC7E131BBD98A37E9FDB80FFEF88DA /* Hello.app */,
				41CF3A6CB55FFB5402D9E6988255CF7D /* LocalizedNumberInputField.app */,
				D6C73203DFC67FFC66E38B96B86B1383 /* NumberInputField.app */,
				280FFA1D3FFD8BB06BBF6829677C6D7C /* TextAttachmentLab.app */,
			);
			name = Products;
			sourceTree = "<group>";
		};
		24DBC91247F0340FDD1556697D8E9C7A /* Common */ = {
			isa = PBXGroup;
			children = (
				12FE30BADBDA1DD25855181579F1111D /* AppDelegate.swift */,
				F0A35AF2A5E0D8EEA972A88AA9D115E3 /* Assets.xcassets */,
				F254C26CDC8DC39F0787FE7CAA6F0732 /* LaunchScreen.storyboard */,
			);
			path = Common;
			sourceTree = "<group>";
		};
		CB20298904529C8595C21A7BDBB5D900 /* Utils */ = {
			isa = PBXGroup;
			children = (
				B2E3C74C5CFDF158292B0F1CB621A4D3 /* UIColorExtension.swift */,
				BA6B62F696822B4243191890B8DED1E3 /* UIImageExtension.swift */,
			);
			path = Utils;
			sourceTree = "<group>";
		};
		53AE7A5B9B80F0941A71620A808E9470 = {
			isa = PBXGroup;
			children = (
				24DBC91247F0340FDD1556697D8E9C7A /* Common */,
				8206A4E7DA41C93B1365156042B8378C /* Frameworks */,
				80F94F45BA898F937740E064763DCC38 /* Hello */,
				086895FB852D8ABE2C2CD7E55B29ADC8 /* LocalizedNumberInputField */,
				7F424FEF0B677708A4EA9C95545186F5 /* NumberInputField */,
				849093B32331F90CF0C9EA8D8BC68802 /* Pods */,
				103757059FF9EEB559F0098D12F41D96 /* Products */,
				9A3663217E933CA1F3177995FCC5EAC4 /* TextAttachmentLab */,
				CB20298904529C8595C21A7BDBB5D900 /* Utils */,
				DF3F2D14294517BD881373C78270BE71 /* README.md */,
			);
			sourceTree = "<group>";
		};
		7F424FEF0B677708A4EA9C95545186F5 /* NumberInputField */ = {
			isa = PBXGroup;
			children = (
				9262FAC6E127C0BFF3A18C15C7EE184D /* Info.plist */,
				A405BE256E7879915EC83621359BF178 /* MainViewController.swift */,
			);
			path = NumberInputField;
			sourceTree = "<group>";
		};
		80F94F45BA898F937740E064763DCC38 /* Hello */ = {
			isa = PBXGroup;
			children = (
				C104160D3477690D44DF9C27997EAFE4 /* Info.plist */,
				FD1B23E163BDE856B025ED348637929B /* MainViewController.swift */,
			);
			path = Hello;
			sourceTree = "<group>";
		};
		8206A4E7DA41C93B1365156042B8378C /* Frameworks */ = {
			isa = PBXGroup;
			children = (
				C68B779A7402BBB7572FD08BBF6200FA /* Pods_Hello.framework */,
				6C341C9BFD3A3EEA43B00EC459141385 /* Pods_LocalizedNumberInputField.framework */,
				10EF9748F4A7B55F63DDFB70F13CEF5A /* Pods_NumberInputField.framework */,
				88D0E39D325454478D151A4FB9267AB3 /* Pods_Samples.framework */,
				8A26FA713149FC2C891228F7FECC6D69 /* Pods_TextAttachmentLab.framework */,
			);
			name = Frameworks;
			sourceTree = "<group>";
		};
		849093B32331F90CF0C9EA8D8BC68802 /* Pods */ = {
			isa = PBXGroup;
			children = (
				82C3F8CB4F02BEA217593561C1C0968F /* Pods-Hello.debug.xcconfig */,
				C60C16387620DED69F9F4C3D772B73E1 /* Pods-Hello.release.xcconfig */,
				362E7361B5F57614D36EED20C06E75FD /* Pods-LocalizedNumberInputField.debug.xcconfig */,
				C1AACA99A3548B24824C6A064C5A9FBD /* Pods-LocalizedNumberInputField.release.xcconfig */,
				F6A55E78A702B3F60F2A4D562DFCC6B1 /* Pods-NumberInputField.debug.xcconfig */,
				DE52BF2C3F1DC4177577E5390FE29DCA /* Pods-NumberInputField.release.xcconfig */,
				1523389A07614912075414E7FCA09A81 /* Pods-TextAttachmentLab.debug.xcconfig */,
				B412347758FE0299E71E7681F13CAC14 /* Pods-TextAttachmentLab.release.xcconfig */,
			);
			name = Pods;
			sourceTree = "<group>";
		};
		9A3663217E933CA1F3177995FCC5EAC4 /* TextAttachmentLab */ = {
			isa = PBXGroup;
			children = (
				42DA9A079D63BFD06B5045B1C2EE8DF5 /* Info.plist */,
				F544449D3BE3506BA69F3E9DE6F17303 /* MainViewController.swift */,
			);
			path = TextAttachmentLab;
			sourceTree = "<group>";
		};
/* End PBXGroup section */

/* Begin PBXNativeTarget section */
		862EB7E04DF149CD3492FF01BE92F3D8 /* NumberInputField */ = {
			isa = PBXNativeTarget;
			buildConfigurationList = EF7FAE7AB4641926462E00F07F8DC49B /* Build configuration list for PBXNativeTarget "NumberInputField" */;
			buildPhases = (
				51FEA1A6892B7C520051DD38350B312E /* [CP] Check Pods Manifest.lock */,
				02E2385FA6813B9E0EE7008B5BBB9A1F /* Sources */,
				A10E18B9E398CBC46FA14AAEF9BC2B5A /* Frameworks */,
				5A4D0CB2A34CFB3B27431913DE954BD6 /* Resources */,
				BE8C080D67990F532504425F44293244 /* [CP] Embed Pods Frameworks */,
			);
			buildRules = (
			);
			dependencies = (
			);
			name = NumberInputField;
			productName = NumberInputField;
			productReference = D6C73203DFC67FFC66E38B96B86B1383 /* NumberInputField.app */;
			productType = "com.apple.product-type.application";
		};
		916B2B96B77AE4982CFFD356A561552A /* LocalizedNumberInputField */ = {
			isa = PBXNativeTarget;
			buildConfigurationList = B670F98B5DBBB354C240D4DB36DFE6F6 /* Build configuration list for PBXNativeTarget "LocalizedNumberInputField" */;
			buildPhases = (
				92F3A799D470EA9350109B83156E000E /* [CP] Check Pods Manifest.lock */,
				2325C8C895CDB13802FED9A337B48A8D /* Sources */,
				F9C01000B35F8A7835DA4AF997874716 /* Frameworks */,
				AAFAF977E34564EC59D1E0A6880B3701 /* Resources */,
				F6D9E25CB1C0A981C698278B235D2FDF /* [CP] Embed Pods Frameworks */,
			);
			buildRules = (
			);
			dependencies = (
			);
			name = LocalizedNumberInputField;
			productName = LocalizedNumberInputField;
			productReference = 41CF3A6CB55FFB5402D9E6988255CF7D /* LocalizedNumberInputField.app */;
			productType = "com.apple.product-type.application";
		};
		D62FEEAAE2368358CD9A8C11F6307B18 /* Hello */ = {
			isa = PBXNativeTarget;
			buildConfigurationList = F7646DDC62EE5ED892E2F1D30BBCD27F /* Build configuration list for PBXNativeTarget "Hello" */;
			buildPhases = (
				61E158C5FFC8EF1A096CE8419A30E4F4 /* [CP] Check Pods Manifest.lock */,
				205BD73BB83A081C09DB8FC4EE9AB48C /* Sources */,
				48016374409997E4275043D5C4F460C4 /* Frameworks */,
				16F748EDC4C7720781579BEDE7A7AAEE /* Resources */,
				61D7D5BAF80E5AF137AF96DD5616F466 /* [CP] Embed Pods Frameworks */,
			);
			buildRules = (
			);
			dependencies = (
			);
			name = Hello;
			productName = Hello;
			productReference = BEFC7E131BBD98A37E9FDB80FFEF88DA /* Hello.app */;
			productType = "com.apple.product-type.application";
		};
		ED9A9958B7AF01AA5D760922FAA9D888 /* TextAttachmentLab */ = {
			isa = PBXNativeTarget;
			buildConfigurationList = 2B0C9A4B45D04A70E4A06986067C51A2 /* Build configuration list for PBXNativeTarget "TextAttachmentLab" */;
			buildPhases = (
				B63A94F0B2F141A041DC72605616CBC3 /* [CP] Check Pods Manifest.lock */,
				872230261FD8F660F5F8B57132A57235 /* Sources */,
				17682DE58AEDD489835D0523AE1BC348 /* Frameworks */,
				DB6AA0C032C3886A74AF58DD0A3B2CDD /* Resources */,
				5122CA5F3C8D91C25B229091F65DB24A /* [CP] Embed Pods Frameworks */,
			);
			buildRules = (
			);
			dependencies = (
			);
			name = TextAttachmentLab;
			productName = TextAttachmentLab;
			productReference = 280FFA1D3FFD8BB06BBF6829677C6D7C /* TextAttachmentLab.app */;
			productType = "com.apple.product-type.application";
		};
/* End PBXNativeTarget section */

/* Begin PBXProject section */
		DC8CD67556A0C4200602F3C1E4E2CB11 /* Project object */ = {
			isa = PBXProject;
			attributes = {
				LastSwiftUpdateCheck = 1020;
				LastUpgradeCheck = 0940;
				ORGANIZATIONNAME = "Jahyun Oh";
				TargetAttributes = {
					862EB7E04DF149CD3492FF01BE92F3D8 = {
						CreatedOnToolsVersion = 9.4.1;
					};
					916B2B96B77AE4982CFFD356A561552A = {
						CreatedOnToolsVersion = 9.4.1;
					};
					D62FEEAAE2368358CD9A8C11F6307B18 = {
						CreatedOnToolsVersion = 9.4.1;
					};
					ED9A9958B7AF01AA5D760922FAA9D888 = {
						CreatedOnToolsVersion = 10.2.1;
					};
				};
			};
			buildConfigurationList = 70F1936EA12E6BF39635B737611013FD /* Build configuration list for PBXProject "Samples" */;
			compatibilityVersion = "Xcode 9.3";
			developmentRegion = en;
			hasScannedForEncodings = 0;
			knownRegions = (
				en,
				Base,
			);
			mainGroup = 53AE7A5B9B80F0941A71620A808E9470;
			productRefGroup = 103757059FF9EEB559F0098D12F41D96 /* Products */;
			projectDirPath = "";
			projectRoot = "";
			targets = (
				D62FEEAAE2368358CD9A8C11F6307B18 /* Hello */,
				862EB7E04DF149CD3492FF01BE92F3D8 /* NumberInputField */,
				916B2B96B77AE4982CFFD356A561552A /* LocalizedNumberInputField */,
				ED9A9958B7AF01AA5D760922FAA9D888 /* TextAttachmentLab */,
			);
		};
/* End PBXProject section */

/* Begin PBXResourcesBuildPhase section */
		16F748EDC4C7720781579BEDE7A7AAEE /* Resources */ = {
			isa = PBXResourcesBuildPhase;
			buildActionMask = 2147483647;
			files = (
				7CC65338049897F0CBE3FAA3C622F5D4 /* Assets.xcassets in Resources */,
				624B46C4EE55D415F06D766D806B05F6 /* LaunchScreen.storyboard in Resources */,
			);
			runOnlyForDeploymentPostprocessing = 0;
		};
		5A4D0CB2A34CFB3B27431913DE954BD6 /* Resources */ = {
			isa = PBXResourcesBuildPhase;
			buildActionMask = 2147483647;
			files = (
				C3625863038EA8A8D5788AD0A5C2A444 /* Assets.xcassets in Resources */,
				4E9263A84498D5BF075B635846B6BF6E /* LaunchScreen.storyboard in Resources */,
			);
			runOnlyForDeploymentPostprocessing = 0;
		};
		AAFAF977E34564EC59D1E0A6880B3701 /* Resources */ = {
			isa = PBXResourcesBuildPhase;
			buildActionMask = 2147483647;
			files = (
				FE53D8454C81DEB4A24B6599AA6E53FE /* Assets.xcassets in Resources */,
				7BDCDE744CC5A617424688669236F2CE /* LaunchScreen.storyboard in Resources */,
			);
			runOnlyForDeploymentPostprocessing = 0;
		};
		DB6AA0C032C3886A74AF58DD0A3B2CDD /* Resources */ = {
			isa = PBXResourcesBuildPhase;
			buildActionMask = 2147483647;
			files = (
				B022690553EF383AA3F99B7A9273CD4E /* Assets.xcassets in Resources */,
				E436590FC4A86EF98455135BA66155B1 /* LaunchScreen.storyboard in Resources */,
			);
			runOnlyForDeploymentPostprocessing = 0;
		};
/* End PBXResourcesBuildPhase section */

/* Begin PBXShellScriptBuildPhase section */
		5122CA5F3C8D91C25B229091F65DB24A /* [CP] Embed Pods Frameworks */ = {
			isa = PBXShellScriptBuildPhase;
			buildActionMask = 2147483647;
			files = (
			);
			inputFileListPaths = (
			);
			inputPaths = (
				"${PODS_ROOT}/Target Support Files/Pods-TextAttachmentLab/Pods-TextAttachmentLab-frameworks.sh",
				"${BUILT_PRODUCTS_DIR}/RxCocoa/RxCocoa.framework",
				"${BUILT_PRODUCTS_DIR}/RxSwift/RxSwift.framework",
				"${BUILT_PRODUCTS_DIR}/SnapKit/SnapKit.framework",
			);
			name = "[CP] Embed Pods Frameworks";
			outputFileListPaths = (
			);
			outputPaths = (
				"${TARGET_BUILD_DIR}/${FRAMEWORKS_FOLDER_PATH}/RxCocoa.framework",
				"${TARGET_BUILD_DIR}/${FRAMEWORKS_FOLDER_PATH}/RxSwift.framework",
				"${TARGET_BUILD_DIR}/${FRAMEWORKS_FOLDER_PATH}/SnapKit.framework",
			);
			runOnlyForDeploymentPostprocessing = 0;
			shellPath = /bin/sh;
			shellScript = "\"${PODS_ROOT}/Target Support Files/Pods-TextAttachmentLab/Pods-TextAttachmentLab-frameworks.sh\"\n";
			showEnvVarsInLog = 0;
		};
		51FEA1A6892B7C520051DD38350B312E /* [CP] Check Pods Manifest.lock */ = {
			isa = PBXShellScriptBuildPhase;
			buildActionMask = 2147483647;
			files = (
			);
			inputPaths = (
				"${PODS_PODFILE_DIR_PATH}/Podfile.lock",
				"${PODS_ROOT}/Manifest.lock",
			);
			name = "[CP] Check Pods Manifest.lock";
			outputPaths = (
				"$(DERIVED_FILE_DIR)/Pods-NumberInputField-checkManifestLockResult.txt",
			);
			runOnlyForDeploymentPostprocessing = 0;
			shellPath = /bin/sh;
			shellScript = "diff \"${PODS_PODFILE_DIR_PATH}/Podfile.lock\" \"${PODS_ROOT}/Manifest.lock\" > /dev/null\nif [ $? != 0 ] ; then\n    # print error to STDERR\n    echo \"error: The sandbox is not in sync with the Podfile.lock. Run 'pod install' or update your CocoaPods installation.\" >&2\n    exit 1\nfi\n# This output is used by Xcode 'outputs' to avoid re-running this script phase.\necho \"SUCCESS\" > \"${SCRIPT_OUTPUT_FILE_0}\"\n";
			showEnvVarsInLog = 0;
		};
		61D7D5BAF80E5AF137AF96DD5616F466 /* [CP] Embed Pods Frameworks */ = {
			isa = PBXShellScriptBuildPhase;
			buildActionMask = 2147483647;
			files = (
			);
			inputPaths = (
				"${PODS_ROOT}/Target Support Files/Pods-Hello/Pods-Hello-frameworks.sh",
				"${BUILT_PRODUCTS_DIR}/RxCocoa/RxCocoa.framework",
				"${BUILT_PRODUCTS_DIR}/RxSwift/RxSwift.framework",
				"${BUILT_PRODUCTS_DIR}/SnapKit/SnapKit.framework",
			);
			name = "[CP] Embed Pods Frameworks";
			outputPaths = (
				"${TARGET_BUILD_DIR}/${FRAMEWORKS_FOLDER_PATH}/RxCocoa.framework",
				"${TARGET_BUILD_DIR}/${FRAMEWORKS_FOLDER_PATH}/RxSwift.framework",
				"${TARGET_BUILD_DIR}/${FRAMEWORKS_FOLDER_PATH}/SnapKit.framework",
			);
			runOnlyForDeploymentPostprocessing = 0;
			shellPath = /bin/sh;
			shellScript = "\"${PODS_ROOT}/Target Support Files/Pods-Hello/Pods-Hello-frameworks.sh\"\n";
			showEnvVarsInLog = 0;
		};
		61E158C5FFC8EF1A096CE8419A30E4F4 /* [CP] Check Pods Manifest.lock */ = {
			isa = PBXShellScriptBuildPhase;
			buildActionMask = 2147483647;
			files = (
			);
			inputPaths = (
				"${PODS_PODFILE_DIR_PATH}/Podfile.lock",
				"${PODS_ROOT}/Manifest.lock",
			);
			name = "[CP] Check Pods Manifest.lock";
			outputPaths = (
				"$(DERIVED_FILE_DIR)/Pods-Hello-checkManifestLockResult.txt",
			);
			runOnlyForDeploymentPostprocessing = 0;
			shellPath = /bin/sh;
			shellScript = "diff \"${PODS_PODFILE_DIR_PATH}/Podfile.lock\" \"${PODS_ROOT}/Manifest.lock\" > /dev/null\nif [ $? != 0 ] ; then\n    # print error to STDERR\n    echo \"error: The sandbox is not in sync with the Podfile.lock. Run 'pod install' or update your CocoaPods installation.\" >&2\n    exit 1\nfi\n# This output is used by Xcode 'outputs' to avoid re-running this script phase.\necho \"SUCCESS\" > \"${SCRIPT_OUTPUT_FILE_0}\"\n";
			showEnvVarsInLog = 0;
		};
		92F3A799D470EA9350109B83156E000E /* [CP] Check Pods Manifest.lock */ = {
			isa = PBXShellScriptBuildPhase;
			buildActionMask = 2147483647;
			files = (
			);
			inputPaths = (
				"${PODS_PODFILE_DIR_PATH}/Podfile.lock",
				"${PODS_ROOT}/Manifest.lock",
			);
			name = "[CP] Check Pods Manifest.lock";
			outputPaths = (
				"$(DERIVED_FILE_DIR)/Pods-LocalizedNumberInputField-checkManifestLockResult.txt",
			);
			runOnlyForDeploymentPostprocessing = 0;
			shellPath = /bin/sh;
			shellScript = "diff \"${PODS_PODFILE_DIR_PATH}/Podfile.lock\" \"${PODS_ROOT}/Manifest.lock\" > /dev/null\nif [ $? != 0 ] ; then\n    # print error to STDERR\n    echo \"error: The sandbox is not in sync with the Podfile.lock. Run 'pod install' or update your CocoaPods installation.\" >&2\n    exit 1\nfi\n# This output is used by Xcode 'outputs' to avoid re-running this script phase.\necho \"SUCCESS\" > \"${SCRIPT_OUTPUT_FILE_0}\"\n";
			showEnvVarsInLog = 0;
		};
		B63A94F0B2F141A041DC72605616CBC3 /* [CP] Check Pods Manifest.lock */ = {
			isa = PBXShellScriptBuildPhase;
			buildActionMask = 2147483647;
			files = (
			);
			inputFileListPaths = (
			);
			inputPaths = (
				"${PODS_PODFILE_DIR_PATH}/Podfile.lock",
				"${PODS_ROOT}/Manifest.lock",
			);
			name = "[CP] Check Pods Manifest.lock";
			outputFileListPaths = (
			);
			outputPaths = (
				"$(DERIVED_FILE_DIR)/Pods-TextAttachmentLab-checkManifestLockResult.txt",
			);
			runOnlyForDeploymentPostprocessing = 0;
			shellPath = /bin/sh;
			shellScript = "diff \"${PODS_PODFILE_DIR_PATH}/Podfile.lock\" \"${PODS_ROOT}/Manifest.lock\" > /dev/null\nif [ $? != 0 ] ; then\n    # print error to STDERR\n    echo \"error: The sandbox is not in sync with the Podfile.lock. Run 'pod install' or update your CocoaPods installation.\" >&2\n    exit 1\nfi\n# This output is used by Xcode 'outputs' to avoid re-running this script phase.\necho \"SUCCESS\" > \"${SCRIPT_OUTPUT_FILE_0}\"\n";
			showEnvVarsInLog = 0;
		};
		BE8C080D67990F532504425F44293244 /* [CP] Embed Pods Frameworks */ = {
			isa = PBXShellScriptBuildPhase;
			buildActionMask = 2147483647;
			files = (
			);
			inputPaths = (
				"${PODS_ROOT}/Target Support Files/Pods-NumberInputField/Pods-NumberInputField-frameworks.sh",
				"${BUILT_PRODUCTS_DIR}/RxCocoa/RxCocoa.framework",
				"${BUILT_PRODUCTS_DIR}/RxSwift/RxSwift.framework",
				"${BUILT_PRODUCTS_DIR}/SnapKit/SnapKit.framework",
			);
			name = "[CP] Embed Pods Frameworks";
			outputPaths = (
				"${TARGET_BUILD_DIR}/${FRAMEWORKS_FOLDER_PATH}/RxCocoa.framework",
				"${TARGET_BUILD_DIR}/${FRAMEWORKS_FOLDER_PATH}/RxSwift.framework",
				"${TARGET_BUILD_DIR}/${FRAMEWORKS_FOLDER_PATH}/SnapKit.framework",
			);
			runOnlyForDeploymentPostprocessing = 0;
			shellPath = /bin/sh;
			shellScript = "\"${PODS_ROOT}/Target Support Files/Pods-NumberInputField/Pods-NumberInputField-frameworks.sh\"\n";
			showEnvVarsInLog = 0;
		};
		F6D9E25CB1C0A981C698278B235D2FDF /* [CP] Embed Pods Frameworks */ = {
			isa = PBXShellScriptBuildPhase;
			buildActionMask = 2147483647;
			files = (
			);
			inputPaths = (
				"${PODS_ROOT}/Target Support Files/Pods-LocalizedNumberInputField/Pods-LocalizedNumberInputField-frameworks.sh",
				"${BUILT_PRODUCTS_DIR}/RxCocoa/RxCocoa.framework",
				"${BUILT_PRODUCTS_DIR}/RxSwift/RxSwift.framework",
				"${BUILT_PRODUCTS_DIR}/SnapKit/SnapKit.framework",
			);
			name = "[CP] Embed Pods Frameworks";
			outputPaths = (
				"${TARGET_BUILD_DIR}/${FRAMEWORKS_FOLDER_PATH}/RxCocoa.framework",
				"${TARGET_BUILD_DIR}/${FRAMEWORKS_FOLDER_PATH}/RxSwift.framework",
				"${TARGET_BUILD_DIR}/${FRAMEWORKS_FOLDER_PATH}/SnapKit.framework",
			);
			runOnlyForDeploymentPostprocessing = 0;
			shellPath = /bin/sh;
			shellScript = "\"${PODS_ROOT}/Target Support Files/Pods-LocalizedNumberInputField/Pods-LocalizedNumberInputField-frameworks.sh\"\n";
			showEnvVarsInLog = 0;
		};
/* End PBXShellScriptBuildPhase section */

/* Begin PBXSourcesBuildPhase section */
		02E2385FA6813B9E0EE7008B5BBB9A1F /* Sources */ = {
			isa = PBXSourcesBuildPhase;
			buildActionMask = 2147483647;
			files = (
				D7E2F68BD6B2150FC1A3BD3D4A3A6D6D /* AppDelegate.swift in Sources */,
				113CB964AAC752F83C3FF0963C2204E6 /* MainViewController.swift in Sources */,
			);
			runOnlyForDeploymentPostprocessing = 0;
		};
		205BD73BB83A081C09DB8FC4EE9AB48C /* Sources */ = {
			isa = PBXSourcesBuildPhase;
			buildActionMask = 2147483647;
			files = (
				B417180D09291D5C702DEBD5BCC10D4B /* AppDelegate.swift in Sources */,
				ACA2608765453B52F7AB9D024CF78B74 /* MainViewController.swift in Sources */,
			);
			runOnlyForDeploymentPostprocessing = 0;
		};
		2325C8C895CDB13802FED9A337B48A8D /* Sources */ = {
			isa = PBXSourcesBuildPhase;
			buildActionMask = 2147483647;
			files = (
				569BC48AB8771B66EC165131C0635733 /* AppDelegate.swift in Sources */,
				4661D8D43987E383D2DD85C0A8073B26 /* MainViewController.swift in Sources */,
			);
			runOnlyForDeploymentPostprocessing = 0;
		};
		872230261FD8F660F5F8B57132A57235 /* Sources */ = {
			isa = PBXSourcesBuildPhase;
			buildActionMask = 2147483647;
			files = (
				2B2656A027E68CB2B66C93243DC417B0 /* AppDelegate.swift in Sources */,
				1C67C5F8840771385D6115CA9BE98515 /* MainViewController.swift in Sources */,
				0DD9786A83FC0A51384E58AF2B7533EB /* UIColorExtension.swift in Sources */,
				4AD1ADA8D3847E9B3EC19CF9265A090B /* UIImageExtension.swift in Sources */,
			);
			runOnlyForDeploymentPostprocessing = 0;
		};
/* End PBXSourcesBuildPhase section */

/* Begin PBXVariantGroup section */
		F254C26CDC8DC39F0787FE7CAA6F0732 /* LaunchScreen.storyboard */ = {
			isa = PBXVariantGroup;
			children = (
				2AE43C7D2857009E1C9FA276365C56C6 /* Base */,
			);
			name = LaunchScreen.storyboard;
			sourceTree = "<group>";
		};
/* End PBXVariantGroup section */

/* Begin XCBuildConfiguration section */
		42A29C9DA432ACAE4943DEED734EA154 /* Debug */ = {
			isa = XCBuildConfiguration;
			baseConfigurationReference = 82C3F8CB4F02BEA217593561C1C0968F /* Pods-Hello.debug.xcconfig */;
			buildSettings = {
				ASSETCATALOG_COMPILER_APPICON_NAME = AppIcon;
				CODE_SIGN_STYLE = Automatic;
				DEVELOPMENT_TEAM = 8VEJUBZ828;
				INFOPLIST_FILE = Hello/Info.plist;
				LD_RUNPATH_SEARCH_PATHS = (
					"$(inherited)",
					"@executable_path/Frameworks",
				);
				PRODUCT_BUNDLE_IDENTIFIER = com.soharuart.Hello;
				PRODUCT_NAME = "$(TARGET_NAME)";
				SWIFT_VERSION = 4.0;
				TARGETED_DEVICE_FAMILY = "1,2";
			};
			name = Debug;
		};
		8C2221C873804F7EE97C9717A3DB25CF /* Debug */ = {
			isa = XCBuildConfiguration;
			baseConfigurationReference = 1523389A07614912075414E7FCA09A81 /* Pods-TextAttachmentLab.debug.xcconfig */;
			buildSettings = {
				ASSETCATALOG_COMPILER_APPICON_NAME = AppIcon;
				CODE_SIGN_STYLE = Automatic;
				INFOPLIST_FILE = TextAttachmentLab/Info.plist;
				IPHONEOS_DEPLOYMENT_TARGET = 12.2;
				LD_RUNPATH_SEARCH_PATHS = (
					"$(inherited)",
					"@executable_path/Frameworks",
				);
				MTL_ENABLE_DEBUG_INFO = INCLUDE_SOURCE;
				MTL_FAST_MATH = YES;
				PRODUCT_BUNDLE_IDENTIFIER = io.github.soharu.TextAttachmentLab;
				PRODUCT_NAME = "$(TARGET_NAME)";
				SWIFT_VERSION = 4.0;
				TARGETED_DEVICE_FAMILY = "1,2";
			};
			name = Debug;
		};
		962D2A079B753F9608DB0D88F8D6BA73 /* Debug */ = {
			isa = XCBuildConfiguration;
			buildSettings = {
				ALWAYS_SEARCH_USER_PATHS = NO;
				CLANG_ANALYZER_NONNULL = YES;
				CLANG_ANALYZER_NUMBER_OBJECT_CONVERSION = YES_AGGRESSIVE;
				CLANG_CXX_LANGUAGE_STANDARD = "gnu++14";
				CLANG_CXX_LIBRARY = "libc++";
				CLANG_ENABLE_MODULES = YES;
				CLANG_ENABLE_OBJC_ARC = YES;
				CLANG_ENABLE_OBJC_WEAK = YES;
				CLANG_WARN_BLOCK_CAPTURE_AUTORELEASING = YES;
				CLANG_WARN_BOOL_CONVERSION = YES;
				CLANG_WARN_COMMA = YES;
				CLANG_WARN_CONSTANT_CONVERSION = YES;
				CLANG_WARN_DEPRECATED_OBJC_IMPLEMENTATIONS = YES;
				CLANG_WARN_DIRECT_OBJC_ISA_USAGE = YES_ERROR;
				CLANG_WARN_DOCUMENTATION_COMMENTS = YES;
				CLANG_WARN_EMPTY_BODY = YES;
				CLANG_WARN_ENUM_CONVERSION = YES;
				CLANG_WARN_INFINITE_RECURSION = YES;
				CLANG_WARN_INT_CONVERSION = YES;
				CLANG_WARN_NON_LITERAL_NULL_CONVERSION = YES;
				CLANG_WARN_OBJC_IMPLICIT_RETAIN_SELF = YES;
				CLANG_WARN_OBJC_LITERAL_CONVERSION = YES;
				CLANG_WARN_OBJC_ROOT_CLASS = YES_ERROR;
				CLANG_WARN_RANGE_LOOP_ANALYSIS = YES;
				CLANG_WARN_STRICT_PROTOTYPES = YES;
				CLANG_WARN_SUSPICIOUS_MOVE = YES;
				CLANG_WARN_UNGUARDED_AVAILABILITY = YES_AGGRESSIVE;
				CLANG_WARN_UNREACHABLE_CODE = YES;
				CLANG_WARN__DUPLICATE_METHOD_MATCH = YES;
				CODE_SIGN_IDENTITY = "iPhone Developer";
				COPY_PHASE_STRIP = NO;
				DEBUG_INFORMATION_FORMAT = dwarf;
				ENABLE_STRICT_OBJC_MSGSEND = YES;
				ENABLE_TESTABILITY = YES;
				GCC_C_LANGUAGE_STANDARD = gnu11;
				GCC_DYNAMIC_NO_PIC = NO;
				GCC_NO_COMMON_BLOCKS = YES;
				GCC_OPTIMIZATION_LEVEL = 0;
				GCC_PREPROCESSOR_DEFINITIONS = (
					"DEBUG=1",
					"$(inherited)",
				);
				GCC_WARN_64_TO_32_BIT_CONVERSION = YES;
				GCC_WARN_ABOUT_RETURN_TYPE = YES_ERROR;
				GCC_WARN_UNDECLARED_SELECTOR = YES;
				GCC_WARN_UNINITIALIZED_AUTOS = YES_AGGRESSIVE;
				GCC_WARN_UNUSED_FUNCTION = YES;
				GCC_WARN_UNUSED_VARIABLE = YES;
				IPHONEOS_DEPLOYMENT_TARGET = 11.4;
				MTL_ENABLE_DEBUG_INFO = YES;
				ONLY_ACTIVE_ARCH = YES;
				SDKROOT = iphoneos;
				SWIFT_ACTIVE_COMPILATION_CONDITIONS = DEBUG;
				SWIFT_OPTIMIZATION_LEVEL = "-Onone";
			};
			name = Debug;
		};
		9D113939C4CD06FB9CD40A6824F2118D /* Release */ = {
			isa = XCBuildConfiguration;
			buildSettings = {
				ALWAYS_SEARCH_USER_PATHS = NO;
				CLANG_ANALYZER_NONNULL = YES;
				CLANG_ANALYZER_NUMBER_OBJECT_CONVERSION = YES_AGGRESSIVE;
				CLANG_CXX_LANGUAGE_STANDARD = "gnu++14";
				CLANG_CXX_LIBRARY = "libc++";
				CLANG_ENABLE_MODULES = YES;
				CLANG_ENABLE_OBJC_ARC = YES;
				CLANG_ENABLE_OBJC_WEAK = YES;
				CLANG_WARN_BLOCK_CAPTURE_AUTORELEASING = YES;
				CLANG_WARN_BOOL_CONVERSION = YES;
				CLANG_WARN_COMMA = YES;
				CLANG_WARN_CONSTANT_CONVERSION = YES;
				CLANG_WARN_DEPRECATED_OBJC_IMPLEMENTATIONS = YES;
				CLANG_WARN_DIRECT_OBJC_ISA_USAGE = YES_ERROR;
				CLANG_WARN_DOCUMENTATION_COMMENTS = YES;
				CLANG_WARN_EMPTY_BODY = YES;
				CLANG_WARN_ENUM_CONVERSION = YES;
				CLANG_WARN_INFINITE_RECURSION = YES;
				CLANG_WARN_INT_CONVERSION = YES;
				CLANG_WARN_NON_LITERAL_NULL_CONVERSION = YES;
				CLANG_WARN_OBJC_IMPLICIT_RETAIN_SELF = YES;
				CLANG_WARN_OBJC_LITERAL_CONVERSION = YES;
				CLANG_WARN_OBJC_ROOT_CLASS = YES_ERROR;
				CLANG_WARN_RANGE_LOOP_ANALYSIS = YES;
				CLANG_WARN_STRICT_PROTOTYPES = YES;
				CLANG_WARN_SUSPICIOUS_MOVE = YES;
				CLANG_WARN_UNGUARDED_AVAILABILITY = YES_AGGRESSIVE;
				CLANG_WARN_UNREACHABLE_CODE = YES;
				CLANG_WARN__DUPLICATE_METHOD_MATCH = YES;
				CODE_SIGN_IDENTITY = "iPhone Developer";
				COPY_PHASE_STRIP = NO;
				DEBUG_INFORMATION_FORMAT = "dwarf-with-dsym";
				ENABLE_NS_ASSERTIONS = NO;
				ENABLE_STRICT_OBJC_MSGSEND = YES;
				GCC_C_LANGUAGE_STANDARD = gnu11;
				GCC_NO_COMMON_BLOCKS = YES;
				GCC_WARN_64_TO_32_BIT_CONVERSION = YES;
				GCC_WARN_ABOUT_RETURN_TYPE = YES_ERROR;
				GCC_WARN_UNDECLARED_SELECTOR = YES;
				GCC_WARN_UNINITIALIZED_AUTOS = YES_AGGRESSIVE;
				GCC_WARN_UNUSED_FUNCTION = YES;
				GCC_WARN_UNUSED_VARIABLE = YES;
				IPHONEOS_DEPLOYMENT_TARGET = 11.4;
				MTL_ENABLE_DEBUG_INFO = NO;
				SDKROOT = iphoneos;
				SWIFT_COMPILATION_MODE = wholemodule;
				SWIFT_OPTIMIZATION_LEVEL = "-O";
				VALIDATE_PRODUCT = YES;
			};
			name = Release;
		};
		B8EAB00081E720695E373415F6F09981 /* Debug */ = {
			isa = XCBuildConfiguration;
			baseConfigurationReference = F6A55E78A702B3F60F2A4D562DFCC6B1 /* Pods-NumberInputField.debug.xcconfig */;
			buildSettings = {
				ASSETCATALOG_COMPILER_APPICON_NAME = AppIcon;
				CODE_SIGN_STYLE = Automatic;
				DEVELOPMENT_TEAM = 8VEJUBZ828;
				INFOPLIST_FILE = NumberInputField/Info.plist;
				LD_RUNPATH_SEARCH_PATHS = (
					"$(inherited)",
					"@executable_path/Frameworks",
				);
				PRODUCT_BUNDLE_IDENTIFIER = com.soharuart.NumberInputField;
				PRODUCT_NAME = "$(TARGET_NAME)";
				SWIFT_VERSION = 4.0;
				TARGETED_DEVICE_FAMILY = "1,2";
			};
			name = Debug;
		};
		B9C23CA0BF83997031830093230CE343 /* Release */ = {
			isa = XCBuildConfiguration;
			baseConfigurationReference = DE52BF2C3F1DC4177577E5390FE29DCA /* Pods-NumberInputField.release.xcconfig */;
			buildSettings = {
				ASSETCATALOG_COMPILER_APPICON_NAME = AppIcon;
				CODE_SIGN_STYLE = Automatic;
				DEVELOPMENT_TEAM = 8VEJUBZ828;
				INFOPLIST_FILE = NumberInputField/Info.plist;
				LD_RUNPATH_SEARCH_PATHS = (
					"$(inherited)",
					"@executable_path/Frameworks",
				);
				PRODUCT_BUNDLE_IDENTIFIER = com.soharuart.NumberInputField;
				PRODUCT_NAME = "$(TARGET_NAME)";
				SWIFT_VERSION = 4.0;
				TARGETED_DEVICE_FAMILY = "1,2";
			};
			name = Release;
		};
		BDB363BEF370FC61B7A4BA6D8AB44E78 /* Release */ = {
			isa = XCBuildConfiguration;
			baseConfigurationReference = C60C16387620DED69F9F4C3D772B73E1 /* Pods-Hello.release.xcconfig */;
			buildSettings = {
				ASSETCATALOG_COMPILER_APPICON_NAME = AppIcon;
				CODE_SIGN_STYLE = Automatic;
				DEVELOPMENT_TEAM = 8VEJUBZ828;
				INFOPLIST_FILE = Hello/Info.plist;
				LD_RUNPATH_SEARCH_PATHS = (
					"$(inherited)",
					"@executable_path/Frameworks",
				);
				PRODUCT_BUNDLE_IDENTIFIER = com.soharuart.Hello;
				PRODUCT_NAME = "$(TARGET_NAME)";
				SWIFT_VERSION = 4.0;
				TARGETED_DEVICE_FAMILY = "1,2";
			};
			name = Release;
		};
		C905B8005E2BD8B9FFABEC77AC39570C /* Release */ = {
			isa = XCBuildConfiguration;
			baseConfigurationReference = C1AACA99A3548B24824C6A064C5A9FBD /* Pods-LocalizedNumberInputField.release.xcconfig */;
			buildSettings = {
				ASSETCATALOG_COMPILER_APPICON_NAME = AppIcon;
				CODE_SIGN_STYLE = Automatic;
				DEVELOPMENT_TEAM = 8VEJUBZ828;
				INFOPLIST_FILE = LocalizedNumberInputField/Info.plist;
				LD_RUNPATH_SEARCH_PATHS = (
					"$(inherited)",
					"@executable_path/Frameworks",
				);
				PRODUCT_BUNDLE_IDENTIFIER = com.soharuart.LocalizedNumberInputField;
				PRODUCT_NAME = "$(TARGET_NAME)";
				SWIFT_VERSION = 4.0;
				TARGETED_DEVICE_FAMILY = "1,2";
			};
			name = Release;
		};
		DE7D9E59DFEA6D1D5BB0849B76DFAB95 /* Debug */ = {
			isa = XCBuildConfiguration;
			baseConfigurationReference = 362E7361B5F57614D36EED20C06E75FD /* Pods-LocalizedNumberInputField.debug.xcconfig */;
			buildSettings = {
				ASSETCATALOG_COMPILER_APPICON_NAME = AppIcon;
				CODE_SIGN_STYLE = Automatic;
				DEVELOPMENT_TEAM = 8VEJUBZ828;
				INFOPLIST_FILE = LocalizedNumberInputField/Info.plist;
				LD_RUNPATH_SEARCH_PATHS = (
					"$(inherited)",
					"@executable_path/Frameworks",
				);
				PRODUCT_BUNDLE_IDENTIFIER = com.soharuart.LocalizedNumberInputField;
				PRODUCT_NAME = "$(TARGET_NAME)";
				SWIFT_VERSION = 4.0;
				TARGETED_DEVICE_FAMILY = "1,2";
			};
			name = Debug;
		};
		E18DB59B960BA7A4894FE935CDC8FAC2 /* Release */ = {
			isa = XCBuildConfiguration;
			baseConfigurationReference = B412347758FE0299E71E7681F13CAC14 /* Pods-TextAttachmentLab.release.xcconfig */;
			buildSettings = {
				ASSETCATALOG_COMPILER_APPICON_NAME = AppIcon;
				CODE_SIGN_STYLE = Automatic;
				INFOPLIST_FILE = TextAttachmentLab/Info.plist;
				IPHONEOS_DEPLOYMENT_TARGET = 12.2;
				LD_RUNPATH_SEARCH_PATHS = (
					"$(inherited)",
					"@executable_path/Frameworks",
				);
				MTL_FAST_MATH = YES;
				PRODUCT_BUNDLE_IDENTIFIER = io.github.soharu.TextAttachmentLab;
				PRODUCT_NAME = "$(TARGET_NAME)";
				SWIFT_VERSION = 4.0;
				TARGETED_DEVICE_FAMILY = "1,2";
			};
			name = Release;
		};
/* End XCBuildConfiguration section */

/* Begin XCConfigurationList section */
		2B0C9A4B45D04A70E4A06986067C51A2 /* Build configuration list for PBXNativeTarget "TextAttachmentLab" */ = {
			isa = XCConfigurationList;
			buildConfigurations = (
				8C2221C873804F7EE97C9717A3DB25CF /* Debug */,
				E18DB59B960BA7A4894FE935CDC8FAC2 /* Release */,
			);
			defaultConfigurationIsVisible = 0;
			defaultConfigurationName = Release;
		};
		70F1936EA12E6BF39635B737611013FD /* Build configuration list for PBXProject "Samples" */ = {
			isa = XCConfigurationList;
			buildConfigurations = (
				962D2A079B753F9608DB0D88F8D6BA73 /* Debug */,
				9D113939C4CD06FB9CD40A6824F2118D /* Release */,
			);
			defaultConfigurationIsVisible = 0;
			defaultConfigurationName = Release;
		};
		B670F98B5DBBB354C240D4DB36DFE6F6 /* Build configuration list for PBXNativeTarget "LocalizedNumberInputField" */ = {
			isa = XCConfigurationList;
			buildConfigurations = (
				DE7D9E59DFEA6D1D5BB0849B76DFAB95 /* Debug */,
				C905B8005E2BD8B9FFABEC77AC39570C /* Release */,
			);
			defaultConfigurationIsVisible = 0;
			defaultConfigurationName = Release;
		};
		EF7FAE7AB4641926462E00F07F8DC49B /* Build configuration list for PBXNativeTarget "NumberInputField" */ = {
			isa = XCConfigurationList;
			buildConfigurations = (
				B8EAB00081E720695E373415F6F09981 /* Debug */,
				B9C23CA0BF83997031830093230CE343 /* Release */,
			);
			defaultConfigurationIsVisible = 0;
			defaultConfigurationName = Release;
		};
		F7646DDC62EE5ED892E2F1D30BBCD27F /* Build configuration list for PBXNativeTarget "Hello" */ = {
			isa = XCConfigurationList;
			buildConfigurations = (
				42A29C9DA432ACAE4943DEED734EA154 /* Debug */,
				BDB363BEF370FC61B7A4BA6D8AB44E78 /* Release */,
			);
			defaultConfigurationIsVisible = 0;
			defaultConfigurationName = Release;
		};
/* End XCConfigurationList section */
	};
	rootObject = DC8CD67556A0C4200602F3C1E4E2CB11 /* Project object */;
}
